// !$*UTF8*$!
{
	archiveVersion = 1;
	classes = {
	};
	objectVersion = 48;
	objects = {

/* Begin PBXBuildFile section */
		75842DDA205D4C7200877A1A /* MapView.swift in Sources */ = {isa = PBXBuildFile; fileRef = 75842DD9205D4C7200877A1A /* MapView.swift */; };
		75842DDC205D4E3500877A1A /* MapView.xib in Resources */ = {isa = PBXBuildFile; fileRef = 75842DDB205D4E3500877A1A /* MapView.xib */; };
		75842DDE205D826B00877A1A /* MapViewBarViewController.swift in Sources */ = {isa = PBXBuildFile; fileRef = 75842DDD205D826B00877A1A /* MapViewBarViewController.swift */; };
		75842DE0205D8B1D00877A1A /* ExhibitionDetailViewController.swift in Sources */ = {isa = PBXBuildFile; fileRef = 75842DDF205D8B1D00877A1A /* ExhibitionDetailViewController.swift */; };
		75842DE3205D8CFC00877A1A /* Tab1Presenter.swift in Sources */ = {isa = PBXBuildFile; fileRef = 75842DE1205D8CFB00877A1A /* Tab1Presenter.swift */; };
		75842DE4205D8CFC00877A1A /* Tab1Navigator.swift in Sources */ = {isa = PBXBuildFile; fileRef = 75842DE2205D8CFC00877A1A /* Tab1Navigator.swift */; };
		75842DE6205D95DC00877A1A /* ParallaxTableViewHeaderView.swift in Sources */ = {isa = PBXBuildFile; fileRef = 75842DE5205D95DC00877A1A /* ParallaxTableViewHeaderView.swift */; };
		75842DE8205D9C2000877A1A /* ExhibitionDetailHeaderView.swift in Sources */ = {isa = PBXBuildFile; fileRef = 75842DE7205D9C2000877A1A /* ExhibitionDetailHeaderView.swift */; };
		764F7630A5AE8932B9AACC09 /* Pods_BalticMuseums.framework in Frameworks */ = {isa = PBXBuildFile; fileRef = 4BB09756C1A03984BE6478CC /* Pods_BalticMuseums.framework */; };
		933D5AF6205D45F500E7D107 /* ViewStore.swift in Sources */ = {isa = PBXBuildFile; fileRef = 933D5AF5205D45F500E7D107 /* ViewStore.swift */; };
		933D5B02205D467200E7D107 /* MapViewController.storyboard in Resources */ = {isa = PBXBuildFile; fileRef = 933D5AFE205D467200E7D107 /* MapViewController.storyboard */; };
		933D5B03205D467200E7D107 /* MapViewController.swift in Sources */ = {isa = PBXBuildFile; fileRef = 933D5AFF205D467200E7D107 /* MapViewController.swift */; };
		933D5B08205D467D00E7D107 /* Tab2Navigator.swift in Sources */ = {isa = PBXBuildFile; fileRef = 933D5B04205D467D00E7D107 /* Tab2Navigator.swift */; };
		933D5B09205D467D00E7D107 /* Tab2Presenter.swift in Sources */ = {isa = PBXBuildFile; fileRef = 933D5B05205D467D00E7D107 /* Tab2Presenter.swift */; };
		933D5B0A205D467D00E7D107 /* Tab2ViewController.storyboard in Resources */ = {isa = PBXBuildFile; fileRef = 933D5B06205D467D00E7D107 /* Tab2ViewController.storyboard */; };
		933D5B0B205D467D00E7D107 /* Tab2ViewController.swift in Sources */ = {isa = PBXBuildFile; fileRef = 933D5B07205D467D00E7D107 /* Tab2ViewController.swift */; };
		933D5B12205D468700E7D107 /* Tab3ViewController.storyboard in Resources */ = {isa = PBXBuildFile; fileRef = 933D5B0E205D468700E7D107 /* Tab3ViewController.storyboard */; };
		933D5B13205D468700E7D107 /* Tab3ViewController.swift in Sources */ = {isa = PBXBuildFile; fileRef = 933D5B0F205D468700E7D107 /* Tab3ViewController.swift */; };
		933D5B19205D469400E7D107 /* Tab4Navigator.swift in Sources */ = {isa = PBXBuildFile; fileRef = 933D5B15205D469400E7D107 /* Tab4Navigator.swift */; };
		933D5B1A205D469400E7D107 /* Tab4Presenter.swift in Sources */ = {isa = PBXBuildFile; fileRef = 933D5B16205D469400E7D107 /* Tab4Presenter.swift */; };
		933D5B1B205D469400E7D107 /* Tab4ViewController.storyboard in Resources */ = {isa = PBXBuildFile; fileRef = 933D5B17205D469400E7D107 /* Tab4ViewController.storyboard */; };
		933D5B1C205D469400E7D107 /* Tab4ViewController.swift in Sources */ = {isa = PBXBuildFile; fileRef = 933D5B18205D469400E7D107 /* Tab4ViewController.swift */; };
		933D5BC1205D517900E7D107 /* AmountTextFieldFormatter.swift in Sources */ = {isa = PBXBuildFile; fileRef = 933D5B8A205D517900E7D107 /* AmountTextFieldFormatter.swift */; };
		933D5BC2205D517900E7D107 /* SimpleTextFieldFormatter.swift in Sources */ = {isa = PBXBuildFile; fileRef = 933D5B8B205D517900E7D107 /* SimpleTextFieldFormatter.swift */; };
		933D5BC3205D517900E7D107 /* TextFieldFormatter.swift in Sources */ = {isa = PBXBuildFile; fileRef = 933D5B8C205D517900E7D107 /* TextFieldFormatter.swift */; };
		933D5BC4205D517900E7D107 /* Array+RemoveObject.swift in Sources */ = {isa = PBXBuildFile; fileRef = 933D5B8E205D517900E7D107 /* Array+RemoveObject.swift */; };
		933D5BC5205D517900E7D107 /* Reactive+Extensions.swift in Sources */ = {isa = PBXBuildFile; fileRef = 933D5B90205D517900E7D107 /* Reactive+Extensions.swift */; };
		933D5BC6205D517900E7D107 /* NSAttributedString+Concatenate.swift in Sources */ = {isa = PBXBuildFile; fileRef = 933D5B92205D517900E7D107 /* NSAttributedString+Concatenate.swift */; };
		933D5BC7205D517900E7D107 /* UIAlertViewController+Rx.swift in Sources */ = {isa = PBXBuildFile; fileRef = 933D5B94205D517900E7D107 /* UIAlertViewController+Rx.swift */; };
		933D5BC8205D517900E7D107 /* ObservableType+AlertController.swift in Sources */ = {isa = PBXBuildFile; fileRef = 933D5B96205D517900E7D107 /* ObservableType+AlertController.swift */; };
		933D5BC9205D517900E7D107 /* String+Localizable.swift in Sources */ = {isa = PBXBuildFile; fileRef = 933D5B98205D517900E7D107 /* String+Localizable.swift */; };
		933D5BCA205D517900E7D107 /* String+CardFormatter.swift in Sources */ = {isa = PBXBuildFile; fileRef = 933D5B99205D517900E7D107 /* String+CardFormatter.swift */; };
		933D5BCB205D517900E7D107 /* String+AmountFormatter.swift in Sources */ = {isa = PBXBuildFile; fileRef = 933D5B9A205D517900E7D107 /* String+AmountFormatter.swift */; };
		933D5BCC205D517900E7D107 /* String+AccountFormatter.swift in Sources */ = {isa = PBXBuildFile; fileRef = 933D5B9B205D517900E7D107 /* String+AccountFormatter.swift */; };
		933D5BCD205D517900E7D107 /* String+Tools.swift in Sources */ = {isa = PBXBuildFile; fileRef = 933D5B9C205D517900E7D107 /* String+Tools.swift */; };
		933D5BCE205D517900E7D107 /* CollectionViewItem.swift in Sources */ = {isa = PBXBuildFile; fileRef = 933D5B9E205D517900E7D107 /* CollectionViewItem.swift */; };
		933D5BCF205D517900E7D107 /* CollectionViewSection.swift in Sources */ = {isa = PBXBuildFile; fileRef = 933D5B9F205D517900E7D107 /* CollectionViewSection.swift */; };
		933D5BD0205D517900E7D107 /* ILocalizedError.swift in Sources */ = {isa = PBXBuildFile; fileRef = 933D5BA1205D517900E7D107 /* ILocalizedError.swift */; };
		933D5BD1205D517900E7D107 /* TableViewItem.swift in Sources */ = {isa = PBXBuildFile; fileRef = 933D5BA3205D517900E7D107 /* TableViewItem.swift */; };
		933D5BD2205D517900E7D107 /* TableViewSection.swift in Sources */ = {isa = PBXBuildFile; fileRef = 933D5BA4205D517900E7D107 /* TableViewSection.swift */; };
		933D5BD3205D517900E7D107 /* UIImage+Color.swift in Sources */ = {isa = PBXBuildFile; fileRef = 933D5BA7205D517900E7D107 /* UIImage+Color.swift */; };
		933D5BD4205D517900E7D107 /* UIWindow+RootViewController.swift in Sources */ = {isa = PBXBuildFile; fileRef = 933D5BA9205D517900E7D107 /* UIWindow+RootViewController.swift */; };
		933D5BD5205D517900E7D107 /* UILabel+TextAnimation.swift in Sources */ = {isa = PBXBuildFile; fileRef = 933D5BAB205D517900E7D107 /* UILabel+TextAnimation.swift */; };
		933D5BD6205D517900E7D107 /* UIApplication+HeadViewController.swift in Sources */ = {isa = PBXBuildFile; fileRef = 933D5BAD205D517900E7D107 /* UIApplication+HeadViewController.swift */; };
		933D5BD7205D517900E7D107 /* UIResponder+HideApplicationContent.swift in Sources */ = {isa = PBXBuildFile; fileRef = 933D5BAF205D517900E7D107 /* UIResponder+HideApplicationContent.swift */; };
		933D5BD8205D517900E7D107 /* UIView+Instantiate.swift in Sources */ = {isa = PBXBuildFile; fileRef = 933D5BB1205D517900E7D107 /* UIView+Instantiate.swift */; };
		933D5BD9205D517900E7D107 /* UIView+HideAnimation.swift in Sources */ = {isa = PBXBuildFile; fileRef = 933D5BB2205D517900E7D107 /* UIView+HideAnimation.swift */; };
		933D5BDA205D517900E7D107 /* UICollectionView+DequeueReusableView.swift in Sources */ = {isa = PBXBuildFile; fileRef = 933D5BB4205D517900E7D107 /* UICollectionView+DequeueReusableView.swift */; };
		933D5BDB205D517900E7D107 /* UICollectionView+ReloadDataAnimation.swift in Sources */ = {isa = PBXBuildFile; fileRef = 933D5BB5205D517900E7D107 /* UICollectionView+ReloadDataAnimation.swift */; };
		933D5BDC205D517900E7D107 /* UICollectionView+DequeueReusableCell.swift in Sources */ = {isa = PBXBuildFile; fileRef = 933D5BB6205D517900E7D107 /* UICollectionView+DequeueReusableCell.swift */; };
		933D5BDD205D517900E7D107 /* UINavigationBar+Appearance.swift in Sources */ = {isa = PBXBuildFile; fileRef = 933D5BB8205D517900E7D107 /* UINavigationBar+Appearance.swift */; };
		933D5BDE205D517900E7D107 /* UIViewController+HeadViewController.swift in Sources */ = {isa = PBXBuildFile; fileRef = 933D5BBA205D517900E7D107 /* UIViewController+HeadViewController.swift */; };
		933D5BDF205D517900E7D107 /* UINavigationController+Back.swift in Sources */ = {isa = PBXBuildFile; fileRef = 933D5BBC205D517900E7D107 /* UINavigationController+Back.swift */; };
		933D5BE0205D517900E7D107 /* UINavigationController+PopToClass.swift in Sources */ = {isa = PBXBuildFile; fileRef = 933D5BBD205D517900E7D107 /* UINavigationController+PopToClass.swift */; };
		933D5BE1205D517900E7D107 /* UITableView+ReloadDataAnimation.swift in Sources */ = {isa = PBXBuildFile; fileRef = 933D5BBF205D517900E7D107 /* UITableView+ReloadDataAnimation.swift */; };
		933D5BE2205D517900E7D107 /* UITableView+DequeueReusableCell.swift in Sources */ = {isa = PBXBuildFile; fileRef = 933D5BC0205D517900E7D107 /* UITableView+DequeueReusableCell.swift */; };
		FB7BBD00205BB33400363510 /* AppDelegate.swift in Sources */ = {isa = PBXBuildFile; fileRef = FB7BBCFF205BB33400363510 /* AppDelegate.swift */; };
		FB7BBD02205BB33400363510 /* TabBarViewController.swift in Sources */ = {isa = PBXBuildFile; fileRef = FB7BBD01205BB33400363510 /* TabBarViewController.swift */; };
		FB7BBD05205BB33400363510 /* TabBarViewController.storyboard in Resources */ = {isa = PBXBuildFile; fileRef = FB7BBD03205BB33400363510 /* TabBarViewController.storyboard */; };
		FB7BBD07205BB33400363510 /* Assets.xcassets in Resources */ = {isa = PBXBuildFile; fileRef = FB7BBD06205BB33400363510 /* Assets.xcassets */; };
		FB7BBD0A205BB33400363510 /* LaunchScreen.storyboard in Resources */ = {isa = PBXBuildFile; fileRef = FB7BBD08205BB33400363510 /* LaunchScreen.storyboard */; };
		FBCDF039205D74DD0016100D /* CIQRCodeDescriptor+Data.swift in Sources */ = {isa = PBXBuildFile; fileRef = FBCDF038205D74DD0016100D /* CIQRCodeDescriptor+Data.swift */; };
/* End PBXBuildFile section */

/* Begin PBXFileReference section */
		37F79FCD2EC0E2CEC4C77CF3 /* Pods_BalticMuseumsUITests.framework */ = {isa = PBXFileReference; explicitFileType = wrapper.framework; includeInIndex = 0; path = Pods_BalticMuseumsUITests.framework; sourceTree = BUILT_PRODUCTS_DIR; };
		3CB0065251AC546E215324EC /* Pods-BalticMuseumsUITests.release.xcconfig */ = {isa = PBXFileReference; includeInIndex = 1; lastKnownFileType = text.xcconfig; name = "Pods-BalticMuseumsUITests.release.xcconfig"; path = "Pods/Target Support Files/Pods-BalticMuseumsUITests/Pods-BalticMuseumsUITests.release.xcconfig"; sourceTree = "<group>"; };
		4BB09756C1A03984BE6478CC /* Pods_BalticMuseums.framework */ = {isa = PBXFileReference; explicitFileType = wrapper.framework; includeInIndex = 0; path = Pods_BalticMuseums.framework; sourceTree = BUILT_PRODUCTS_DIR; };
		75842DD9205D4C7200877A1A /* MapView.swift */ = {isa = PBXFileReference; lastKnownFileType = sourcecode.swift; path = MapView.swift; sourceTree = "<group>"; };
		75842DDB205D4E3500877A1A /* MapView.xib */ = {isa = PBXFileReference; lastKnownFileType = file.xib; path = MapView.xib; sourceTree = "<group>"; };
		75842DDD205D826B00877A1A /* MapViewBarViewController.swift */ = {isa = PBXFileReference; lastKnownFileType = sourcecode.swift; path = MapViewBarViewController.swift; sourceTree = "<group>"; };
		75842DDF205D8B1D00877A1A /* ExhibitionDetailViewController.swift */ = {isa = PBXFileReference; lastKnownFileType = sourcecode.swift; path = ExhibitionDetailViewController.swift; sourceTree = "<group>"; };
		75842DE1205D8CFB00877A1A /* Tab1Presenter.swift */ = {isa = PBXFileReference; fileEncoding = 4; lastKnownFileType = sourcecode.swift; path = Tab1Presenter.swift; sourceTree = "<group>"; };
		75842DE2205D8CFC00877A1A /* Tab1Navigator.swift */ = {isa = PBXFileReference; fileEncoding = 4; lastKnownFileType = sourcecode.swift; path = Tab1Navigator.swift; sourceTree = "<group>"; };
		75842DE5205D95DC00877A1A /* ParallaxTableViewHeaderView.swift */ = {isa = PBXFileReference; lastKnownFileType = sourcecode.swift; path = ParallaxTableViewHeaderView.swift; sourceTree = "<group>"; };
		75842DE7205D9C2000877A1A /* ExhibitionDetailHeaderView.swift */ = {isa = PBXFileReference; lastKnownFileType = sourcecode.swift; path = ExhibitionDetailHeaderView.swift; sourceTree = "<group>"; };
		933D5AF5205D45F500E7D107 /* ViewStore.swift */ = {isa = PBXFileReference; lastKnownFileType = sourcecode.swift; path = ViewStore.swift; sourceTree = "<group>"; };
		933D5AFE205D467200E7D107 /* MapViewController.storyboard */ = {isa = PBXFileReference; lastKnownFileType = file.storyboard; path = MapViewController.storyboard; sourceTree = "<group>"; };
		933D5AFF205D467200E7D107 /* MapViewController.swift */ = {isa = PBXFileReference; lastKnownFileType = sourcecode.swift; path = MapViewController.swift; sourceTree = "<group>"; };
		933D5B04205D467D00E7D107 /* Tab2Navigator.swift */ = {isa = PBXFileReference; lastKnownFileType = sourcecode.swift; path = Tab2Navigator.swift; sourceTree = "<group>"; };
		933D5B05205D467D00E7D107 /* Tab2Presenter.swift */ = {isa = PBXFileReference; lastKnownFileType = sourcecode.swift; path = Tab2Presenter.swift; sourceTree = "<group>"; };
		933D5B06205D467D00E7D107 /* Tab2ViewController.storyboard */ = {isa = PBXFileReference; lastKnownFileType = file.storyboard; path = Tab2ViewController.storyboard; sourceTree = "<group>"; };
		933D5B07205D467D00E7D107 /* Tab2ViewController.swift */ = {isa = PBXFileReference; lastKnownFileType = sourcecode.swift; path = Tab2ViewController.swift; sourceTree = "<group>"; };
		933D5B0E205D468700E7D107 /* Tab3ViewController.storyboard */ = {isa = PBXFileReference; lastKnownFileType = file.storyboard; path = Tab3ViewController.storyboard; sourceTree = "<group>"; };
		933D5B0F205D468700E7D107 /* Tab3ViewController.swift */ = {isa = PBXFileReference; lastKnownFileType = sourcecode.swift; path = Tab3ViewController.swift; sourceTree = "<group>"; };
		933D5B15205D469400E7D107 /* Tab4Navigator.swift */ = {isa = PBXFileReference; lastKnownFileType = sourcecode.swift; path = Tab4Navigator.swift; sourceTree = "<group>"; };
		933D5B16205D469400E7D107 /* Tab4Presenter.swift */ = {isa = PBXFileReference; lastKnownFileType = sourcecode.swift; path = Tab4Presenter.swift; sourceTree = "<group>"; };
		933D5B17205D469400E7D107 /* Tab4ViewController.storyboard */ = {isa = PBXFileReference; lastKnownFileType = file.storyboard; path = Tab4ViewController.storyboard; sourceTree = "<group>"; };
		933D5B18205D469400E7D107 /* Tab4ViewController.swift */ = {isa = PBXFileReference; lastKnownFileType = sourcecode.swift; path = Tab4ViewController.swift; sourceTree = "<group>"; };
		933D5B8A205D517900E7D107 /* AmountTextFieldFormatter.swift */ = {isa = PBXFileReference; fileEncoding = 4; lastKnownFileType = sourcecode.swift; path = AmountTextFieldFormatter.swift; sourceTree = "<group>"; };
		933D5B8B205D517900E7D107 /* SimpleTextFieldFormatter.swift */ = {isa = PBXFileReference; fileEncoding = 4; lastKnownFileType = sourcecode.swift; path = SimpleTextFieldFormatter.swift; sourceTree = "<group>"; };
		933D5B8C205D517900E7D107 /* TextFieldFormatter.swift */ = {isa = PBXFileReference; fileEncoding = 4; lastKnownFileType = sourcecode.swift; path = TextFieldFormatter.swift; sourceTree = "<group>"; };
		933D5B8E205D517900E7D107 /* Array+RemoveObject.swift */ = {isa = PBXFileReference; fileEncoding = 4; lastKnownFileType = sourcecode.swift; path = "Array+RemoveObject.swift"; sourceTree = "<group>"; };
		933D5B90205D517900E7D107 /* Reactive+Extensions.swift */ = {isa = PBXFileReference; fileEncoding = 4; lastKnownFileType = sourcecode.swift; path = "Reactive+Extensions.swift"; sourceTree = "<group>"; };
		933D5B92205D517900E7D107 /* NSAttributedString+Concatenate.swift */ = {isa = PBXFileReference; fileEncoding = 4; lastKnownFileType = sourcecode.swift; path = "NSAttributedString+Concatenate.swift"; sourceTree = "<group>"; };
		933D5B94205D517900E7D107 /* UIAlertViewController+Rx.swift */ = {isa = PBXFileReference; fileEncoding = 4; lastKnownFileType = sourcecode.swift; path = "UIAlertViewController+Rx.swift"; sourceTree = "<group>"; };
		933D5B96205D517900E7D107 /* ObservableType+AlertController.swift */ = {isa = PBXFileReference; fileEncoding = 4; lastKnownFileType = sourcecode.swift; path = "ObservableType+AlertController.swift"; sourceTree = "<group>"; };
		933D5B98205D517900E7D107 /* String+Localizable.swift */ = {isa = PBXFileReference; fileEncoding = 4; lastKnownFileType = sourcecode.swift; path = "String+Localizable.swift"; sourceTree = "<group>"; };
		933D5B99205D517900E7D107 /* String+CardFormatter.swift */ = {isa = PBXFileReference; fileEncoding = 4; lastKnownFileType = sourcecode.swift; path = "String+CardFormatter.swift"; sourceTree = "<group>"; };
		933D5B9A205D517900E7D107 /* String+AmountFormatter.swift */ = {isa = PBXFileReference; fileEncoding = 4; lastKnownFileType = sourcecode.swift; path = "String+AmountFormatter.swift"; sourceTree = "<group>"; };
		933D5B9B205D517900E7D107 /* String+AccountFormatter.swift */ = {isa = PBXFileReference; fileEncoding = 4; lastKnownFileType = sourcecode.swift; path = "String+AccountFormatter.swift"; sourceTree = "<group>"; };
		933D5B9C205D517900E7D107 /* String+Tools.swift */ = {isa = PBXFileReference; fileEncoding = 4; lastKnownFileType = sourcecode.swift; path = "String+Tools.swift"; sourceTree = "<group>"; };
		933D5B9E205D517900E7D107 /* CollectionViewItem.swift */ = {isa = PBXFileReference; fileEncoding = 4; lastKnownFileType = sourcecode.swift; path = CollectionViewItem.swift; sourceTree = "<group>"; };
		933D5B9F205D517900E7D107 /* CollectionViewSection.swift */ = {isa = PBXFileReference; fileEncoding = 4; lastKnownFileType = sourcecode.swift; path = CollectionViewSection.swift; sourceTree = "<group>"; };
		933D5BA1205D517900E7D107 /* ILocalizedError.swift */ = {isa = PBXFileReference; fileEncoding = 4; lastKnownFileType = sourcecode.swift; path = ILocalizedError.swift; sourceTree = "<group>"; };
		933D5BA3205D517900E7D107 /* TableViewItem.swift */ = {isa = PBXFileReference; fileEncoding = 4; lastKnownFileType = sourcecode.swift; path = TableViewItem.swift; sourceTree = "<group>"; };
		933D5BA4205D517900E7D107 /* TableViewSection.swift */ = {isa = PBXFileReference; fileEncoding = 4; lastKnownFileType = sourcecode.swift; path = TableViewSection.swift; sourceTree = "<group>"; };
		933D5BA7205D517900E7D107 /* UIImage+Color.swift */ = {isa = PBXFileReference; fileEncoding = 4; lastKnownFileType = sourcecode.swift; path = "UIImage+Color.swift"; sourceTree = "<group>"; };
		933D5BA9205D517900E7D107 /* UIWindow+RootViewController.swift */ = {isa = PBXFileReference; fileEncoding = 4; lastKnownFileType = sourcecode.swift; path = "UIWindow+RootViewController.swift"; sourceTree = "<group>"; };
		933D5BAB205D517900E7D107 /* UILabel+TextAnimation.swift */ = {isa = PBXFileReference; fileEncoding = 4; lastKnownFileType = sourcecode.swift; path = "UILabel+TextAnimation.swift"; sourceTree = "<group>"; };
		933D5BAD205D517900E7D107 /* UIApplication+HeadViewController.swift */ = {isa = PBXFileReference; fileEncoding = 4; lastKnownFileType = sourcecode.swift; path = "UIApplication+HeadViewController.swift"; sourceTree = "<group>"; };
		933D5BAF205D517900E7D107 /* UIResponder+HideApplicationContent.swift */ = {isa = PBXFileReference; fileEncoding = 4; lastKnownFileType = sourcecode.swift; path = "UIResponder+HideApplicationContent.swift"; sourceTree = "<group>"; };
		933D5BB1205D517900E7D107 /* UIView+Instantiate.swift */ = {isa = PBXFileReference; fileEncoding = 4; lastKnownFileType = sourcecode.swift; path = "UIView+Instantiate.swift"; sourceTree = "<group>"; };
		933D5BB2205D517900E7D107 /* UIView+HideAnimation.swift */ = {isa = PBXFileReference; fileEncoding = 4; lastKnownFileType = sourcecode.swift; path = "UIView+HideAnimation.swift"; sourceTree = "<group>"; };
		933D5BB4205D517900E7D107 /* UICollectionView+DequeueReusableView.swift */ = {isa = PBXFileReference; fileEncoding = 4; lastKnownFileType = sourcecode.swift; path = "UICollectionView+DequeueReusableView.swift"; sourceTree = "<group>"; };
		933D5BB5205D517900E7D107 /* UICollectionView+ReloadDataAnimation.swift */ = {isa = PBXFileReference; fileEncoding = 4; lastKnownFileType = sourcecode.swift; path = "UICollectionView+ReloadDataAnimation.swift"; sourceTree = "<group>"; };
		933D5BB6205D517900E7D107 /* UICollectionView+DequeueReusableCell.swift */ = {isa = PBXFileReference; fileEncoding = 4; lastKnownFileType = sourcecode.swift; path = "UICollectionView+DequeueReusableCell.swift"; sourceTree = "<group>"; };
		933D5BB8205D517900E7D107 /* UINavigationBar+Appearance.swift */ = {isa = PBXFileReference; fileEncoding = 4; lastKnownFileType = sourcecode.swift; path = "UINavigationBar+Appearance.swift"; sourceTree = "<group>"; };
		933D5BBA205D517900E7D107 /* UIViewController+HeadViewController.swift */ = {isa = PBXFileReference; fileEncoding = 4; lastKnownFileType = sourcecode.swift; path = "UIViewController+HeadViewController.swift"; sourceTree = "<group>"; };
		933D5BBC205D517900E7D107 /* UINavigationController+Back.swift */ = {isa = PBXFileReference; fileEncoding = 4; lastKnownFileType = sourcecode.swift; path = "UINavigationController+Back.swift"; sourceTree = "<group>"; };
		933D5BBD205D517900E7D107 /* UINavigationController+PopToClass.swift */ = {isa = PBXFileReference; fileEncoding = 4; lastKnownFileType = sourcecode.swift; path = "UINavigationController+PopToClass.swift"; sourceTree = "<group>"; };
		933D5BBF205D517900E7D107 /* UITableView+ReloadDataAnimation.swift */ = {isa = PBXFileReference; fileEncoding = 4; lastKnownFileType = sourcecode.swift; path = "UITableView+ReloadDataAnimation.swift"; sourceTree = "<group>"; };
		933D5BC0205D517900E7D107 /* UITableView+DequeueReusableCell.swift */ = {isa = PBXFileReference; fileEncoding = 4; lastKnownFileType = sourcecode.swift; path = "UITableView+DequeueReusableCell.swift"; sourceTree = "<group>"; };
		AA2E3808C930B4E9673133B8 /* Pods-BalticMuseumsTests.debug.xcconfig */ = {isa = PBXFileReference; includeInIndex = 1; lastKnownFileType = text.xcconfig; name = "Pods-BalticMuseumsTests.debug.xcconfig"; path = "Pods/Target Support Files/Pods-BalticMuseumsTests/Pods-BalticMuseumsTests.debug.xcconfig"; sourceTree = "<group>"; };
		BD0DA3674D7475E15B81C9BD /* Pods-BalticMuseumsUITests.debug.xcconfig */ = {isa = PBXFileReference; includeInIndex = 1; lastKnownFileType = text.xcconfig; name = "Pods-BalticMuseumsUITests.debug.xcconfig"; path = "Pods/Target Support Files/Pods-BalticMuseumsUITests/Pods-BalticMuseumsUITests.debug.xcconfig"; sourceTree = "<group>"; };
		C46C846EA0BDD3C6326E3261 /* Pods-BalticMuseums.debug.xcconfig */ = {isa = PBXFileReference; includeInIndex = 1; lastKnownFileType = text.xcconfig; name = "Pods-BalticMuseums.debug.xcconfig"; path = "Pods/Target Support Files/Pods-BalticMuseums/Pods-BalticMuseums.debug.xcconfig"; sourceTree = "<group>"; };
		DA8FBAC8F556CE7D7F4E1265 /* Pods-BalticMuseums.release.xcconfig */ = {isa = PBXFileReference; includeInIndex = 1; lastKnownFileType = text.xcconfig; name = "Pods-BalticMuseums.release.xcconfig"; path = "Pods/Target Support Files/Pods-BalticMuseums/Pods-BalticMuseums.release.xcconfig"; sourceTree = "<group>"; };
		DD993EEA447FC89AA3F2A8A0 /* Pods-BalticMuseumsTests.release.xcconfig */ = {isa = PBXFileReference; includeInIndex = 1; lastKnownFileType = text.xcconfig; name = "Pods-BalticMuseumsTests.release.xcconfig"; path = "Pods/Target Support Files/Pods-BalticMuseumsTests/Pods-BalticMuseumsTests.release.xcconfig"; sourceTree = "<group>"; };
		E8C00812BC9984925F38AB42 /* Pods_BalticMuseumsTests.framework */ = {isa = PBXFileReference; explicitFileType = wrapper.framework; includeInIndex = 0; path = Pods_BalticMuseumsTests.framework; sourceTree = BUILT_PRODUCTS_DIR; };
		FB7BBCFC205BB33400363510 /* BalticMuseums.app */ = {isa = PBXFileReference; explicitFileType = wrapper.application; includeInIndex = 0; path = BalticMuseums.app; sourceTree = BUILT_PRODUCTS_DIR; };
		FB7BBCFF205BB33400363510 /* AppDelegate.swift */ = {isa = PBXFileReference; lastKnownFileType = sourcecode.swift; path = AppDelegate.swift; sourceTree = "<group>"; };
		FB7BBD01205BB33400363510 /* TabBarViewController.swift */ = {isa = PBXFileReference; lastKnownFileType = sourcecode.swift; path = TabBarViewController.swift; sourceTree = "<group>"; };
		FB7BBD04205BB33400363510 /* Base */ = {isa = PBXFileReference; lastKnownFileType = file.storyboard; name = Base; path = Base.lproj/TabBarViewController.storyboard; sourceTree = "<group>"; };
		FB7BBD06205BB33400363510 /* Assets.xcassets */ = {isa = PBXFileReference; lastKnownFileType = folder.assetcatalog; path = Assets.xcassets; sourceTree = "<group>"; };
		FB7BBD09205BB33400363510 /* Base */ = {isa = PBXFileReference; lastKnownFileType = file.storyboard; name = Base; path = Base.lproj/LaunchScreen.storyboard; sourceTree = "<group>"; };
		FB7BBD0B205BB33400363510 /* Info.plist */ = {isa = PBXFileReference; lastKnownFileType = text.plist.xml; path = Info.plist; sourceTree = "<group>"; };
		FBCDF038205D74DD0016100D /* CIQRCodeDescriptor+Data.swift */ = {isa = PBXFileReference; lastKnownFileType = sourcecode.swift; path = "CIQRCodeDescriptor+Data.swift"; sourceTree = "<group>"; };
/* End PBXFileReference section */

/* Begin PBXFrameworksBuildPhase section */
		FB7BBCF9205BB33400363510 /* Frameworks */ = {
			isa = PBXFrameworksBuildPhase;
			buildActionMask = 2147483647;
			files = (
				764F7630A5AE8932B9AACC09 /* Pods_BalticMuseums.framework in Frameworks */,
			);
			runOnlyForDeploymentPostprocessing = 0;
		};
/* End PBXFrameworksBuildPhase section */

/* Begin PBXGroup section */
		5B4B2357B307248D5A9B4AA3 /* Frameworks */ = {
			isa = PBXGroup;
			children = (
				4BB09756C1A03984BE6478CC /* Pods_BalticMuseums.framework */,
				E8C00812BC9984925F38AB42 /* Pods_BalticMuseumsTests.framework */,
				37F79FCD2EC0E2CEC4C77CF3 /* Pods_BalticMuseumsUITests.framework */,
			);
			name = Frameworks;
			sourceTree = "<group>";
		};
		933D5AF2205D45C200E7D107 /* View */ = {
			isa = PBXGroup;
			children = (
				933D5AF7205D462000E7D107 /* TabBar */,
				933D5AF8205D462700E7D107 /* Tab1 */,
				933D5AF9205D463100E7D107 /* Tab2 */,
				933D5AFA205D463300E7D107 /* Tab3 */,
				933D5AFB205D463600E7D107 /* Tab4 */,
				933D5AF5205D45F500E7D107 /* ViewStore.swift */,
			);
			path = View;
			sourceTree = "<group>";
		};
		933D5AF3205D45C900E7D107 /* Main */ = {
			isa = PBXGroup;
			children = (
				FB7BBCFF205BB33400363510 /* AppDelegate.swift */,
			);
			path = Main;
			sourceTree = "<group>";
		};
		933D5AF4205D45D000E7D107 /* Supporting Files */ = {
			isa = PBXGroup;
			children = (
				933D5B1D205D47E000E7D107 /* Resources */,
				933D5B1E205D47FB00E7D107 /* Plist */,
				FB7BBD08205BB33400363510 /* LaunchScreen.storyboard */,
				FB7BBD0B205BB33400363510 /* Info.plist */,
			);
			path = "Supporting Files";
			sourceTree = "<group>";
		};
		933D5AF7205D462000E7D107 /* TabBar */ = {
			isa = PBXGroup;
			children = (
				FB7BBD03205BB33400363510 /* TabBarViewController.storyboard */,
				FB7BBD01205BB33400363510 /* TabBarViewController.swift */,
			);
			path = TabBar;
			sourceTree = "<group>";
		};
		933D5AF8205D462700E7D107 /* Tab1 */ = {
			isa = PBXGroup;
			children = (
				933D5AFE205D467200E7D107 /* MapViewController.storyboard */,
				75842DE2205D8CFC00877A1A /* Tab1Navigator.swift */,
				75842DE1205D8CFB00877A1A /* Tab1Presenter.swift */,
				933D5AFF205D467200E7D107 /* MapViewController.swift */,
				75842DDD205D826B00877A1A /* MapViewBarViewController.swift */,
				75842DD9205D4C7200877A1A /* MapView.swift */,
				75842DDB205D4E3500877A1A /* MapView.xib */,
				75842DDF205D8B1D00877A1A /* ExhibitionDetailViewController.swift */,
				75842DE5205D95DC00877A1A /* ParallaxTableViewHeaderView.swift */,
				75842DE7205D9C2000877A1A /* ExhibitionDetailHeaderView.swift */,
			);
			path = Tab1;
			sourceTree = "<group>";
		};
		933D5AF9205D463100E7D107 /* Tab2 */ = {
			isa = PBXGroup;
			children = (
				933D5B06205D467D00E7D107 /* Tab2ViewController.storyboard */,
				933D5B04205D467D00E7D107 /* Tab2Navigator.swift */,
				933D5B05205D467D00E7D107 /* Tab2Presenter.swift */,
				933D5B07205D467D00E7D107 /* Tab2ViewController.swift */,
			);
			path = Tab2;
			sourceTree = "<group>";
		};
		933D5AFA205D463300E7D107 /* Tab3 */ = {
			isa = PBXGroup;
			children = (
				FBCDF037205D74CC0016100D /* Tools */,
				933D5B0E205D468700E7D107 /* Tab3ViewController.storyboard */,
				933D5B0F205D468700E7D107 /* Tab3ViewController.swift */,
			);
			path = Tab3;
			sourceTree = "<group>";
		};
		933D5AFB205D463600E7D107 /* Tab4 */ = {
			isa = PBXGroup;
			children = (
				933D5B17205D469400E7D107 /* Tab4ViewController.storyboard */,
				933D5B15205D469400E7D107 /* Tab4Navigator.swift */,
				933D5B16205D469400E7D107 /* Tab4Presenter.swift */,
				933D5B18205D469400E7D107 /* Tab4ViewController.swift */,
			);
			path = Tab4;
			sourceTree = "<group>";
		};
		933D5B1D205D47E000E7D107 /* Resources */ = {
			isa = PBXGroup;
			children = (
			);
			path = Resources;
			sourceTree = "<group>";
		};
		933D5B1E205D47FB00E7D107 /* Plist */ = {
			isa = PBXGroup;
			children = (
				FB7BBD06205BB33400363510 /* Assets.xcassets */,
			);
			path = Plist;
			sourceTree = "<group>";
		};
		933D5B7F205D515300E7D107 /* Tools */ = {
			isa = PBXGroup;
			children = (
				933D5BA5205D517900E7D107 /* Layout */,
				933D5B88205D517900E7D107 /* Tools */,
			);
			path = Tools;
			sourceTree = "<group>";
		};
		933D5B88205D517900E7D107 /* Tools */ = {
			isa = PBXGroup;
			children = (
				933D5B89205D517900E7D107 /* TextFieldFormatter */,
				933D5B8D205D517900E7D107 /* Array */,
				933D5B8F205D517900E7D107 /* RxExtensions */,
				933D5B91205D517900E7D107 /* AttributedString */,
				933D5B93205D517900E7D107 /* UIAlertViewController */,
				933D5B95205D517900E7D107 /* Observable */,
				933D5B97205D517900E7D107 /* String */,
				933D5B9D205D517900E7D107 /* CollectionViewModel */,
				933D5BA0205D517900E7D107 /* Error */,
				933D5BA2205D517900E7D107 /* TableViewModel */,
			);
			path = Tools;
			sourceTree = "<group>";
		};
		933D5B89205D517900E7D107 /* TextFieldFormatter */ = {
			isa = PBXGroup;
			children = (
				933D5B8A205D517900E7D107 /* AmountTextFieldFormatter.swift */,
				933D5B8B205D517900E7D107 /* SimpleTextFieldFormatter.swift */,
				933D5B8C205D517900E7D107 /* TextFieldFormatter.swift */,
			);
			path = TextFieldFormatter;
			sourceTree = "<group>";
		};
		933D5B8D205D517900E7D107 /* Array */ = {
			isa = PBXGroup;
			children = (
				933D5B8E205D517900E7D107 /* Array+RemoveObject.swift */,
			);
			path = Array;
			sourceTree = "<group>";
		};
		933D5B8F205D517900E7D107 /* RxExtensions */ = {
			isa = PBXGroup;
			children = (
				933D5B90205D517900E7D107 /* Reactive+Extensions.swift */,
			);
			path = RxExtensions;
			sourceTree = "<group>";
		};
		933D5B91205D517900E7D107 /* AttributedString */ = {
			isa = PBXGroup;
			children = (
				933D5B92205D517900E7D107 /* NSAttributedString+Concatenate.swift */,
			);
			path = AttributedString;
			sourceTree = "<group>";
		};
		933D5B93205D517900E7D107 /* UIAlertViewController */ = {
			isa = PBXGroup;
			children = (
				933D5B94205D517900E7D107 /* UIAlertViewController+Rx.swift */,
			);
			path = UIAlertViewController;
			sourceTree = "<group>";
		};
		933D5B95205D517900E7D107 /* Observable */ = {
			isa = PBXGroup;
			children = (
				933D5B96205D517900E7D107 /* ObservableType+AlertController.swift */,
			);
			path = Observable;
			sourceTree = "<group>";
		};
		933D5B97205D517900E7D107 /* String */ = {
			isa = PBXGroup;
			children = (
				933D5B98205D517900E7D107 /* String+Localizable.swift */,
				933D5B99205D517900E7D107 /* String+CardFormatter.swift */,
				933D5B9A205D517900E7D107 /* String+AmountFormatter.swift */,
				933D5B9B205D517900E7D107 /* String+AccountFormatter.swift */,
				933D5B9C205D517900E7D107 /* String+Tools.swift */,
			);
			path = String;
			sourceTree = "<group>";
		};
		933D5B9D205D517900E7D107 /* CollectionViewModel */ = {
			isa = PBXGroup;
			children = (
				933D5B9E205D517900E7D107 /* CollectionViewItem.swift */,
				933D5B9F205D517900E7D107 /* CollectionViewSection.swift */,
			);
			path = CollectionViewModel;
			sourceTree = "<group>";
		};
		933D5BA0205D517900E7D107 /* Error */ = {
			isa = PBXGroup;
			children = (
				933D5BA1205D517900E7D107 /* ILocalizedError.swift */,
			);
			path = Error;
			sourceTree = "<group>";
		};
		933D5BA2205D517900E7D107 /* TableViewModel */ = {
			isa = PBXGroup;
			children = (
				933D5BA3205D517900E7D107 /* TableViewItem.swift */,
				933D5BA4205D517900E7D107 /* TableViewSection.swift */,
			);
			path = TableViewModel;
			sourceTree = "<group>";
		};
		933D5BA5205D517900E7D107 /* Layout */ = {
			isa = PBXGroup;
			children = (
				933D5BA6205D517900E7D107 /* UIImage */,
				933D5BA8205D517900E7D107 /* UIWindow */,
				933D5BAA205D517900E7D107 /* UILabel */,
				933D5BAC205D517900E7D107 /* UIApplication */,
				933D5BAE205D517900E7D107 /* UIResponder */,
				933D5BB0205D517900E7D107 /* UIView */,
				933D5BB3205D517900E7D107 /* UICollectionView */,
				933D5BB7205D517900E7D107 /* UINavigationBar */,
				933D5BB9205D517900E7D107 /* UIViewController */,
				933D5BBB205D517900E7D107 /* UINavigationController */,
				933D5BBE205D517900E7D107 /* UITableView */,
			);
			path = Layout;
			sourceTree = "<group>";
		};
		933D5BA6205D517900E7D107 /* UIImage */ = {
			isa = PBXGroup;
			children = (
				933D5BA7205D517900E7D107 /* UIImage+Color.swift */,
			);
			path = UIImage;
			sourceTree = "<group>";
		};
		933D5BA8205D517900E7D107 /* UIWindow */ = {
			isa = PBXGroup;
			children = (
				933D5BA9205D517900E7D107 /* UIWindow+RootViewController.swift */,
			);
			path = UIWindow;
			sourceTree = "<group>";
		};
		933D5BAA205D517900E7D107 /* UILabel */ = {
			isa = PBXGroup;
			children = (
				933D5BAB205D517900E7D107 /* UILabel+TextAnimation.swift */,
			);
			path = UILabel;
			sourceTree = "<group>";
		};
		933D5BAC205D517900E7D107 /* UIApplication */ = {
			isa = PBXGroup;
			children = (
				933D5BAD205D517900E7D107 /* UIApplication+HeadViewController.swift */,
			);
			path = UIApplication;
			sourceTree = "<group>";
		};
		933D5BAE205D517900E7D107 /* UIResponder */ = {
			isa = PBXGroup;
			children = (
				933D5BAF205D517900E7D107 /* UIResponder+HideApplicationContent.swift */,
			);
			path = UIResponder;
			sourceTree = "<group>";
		};
		933D5BB0205D517900E7D107 /* UIView */ = {
			isa = PBXGroup;
			children = (
				933D5BB1205D517900E7D107 /* UIView+Instantiate.swift */,
				933D5BB2205D517900E7D107 /* UIView+HideAnimation.swift */,
			);
			path = UIView;
			sourceTree = "<group>";
		};
		933D5BB3205D517900E7D107 /* UICollectionView */ = {
			isa = PBXGroup;
			children = (
				933D5BB4205D517900E7D107 /* UICollectionView+DequeueReusableView.swift */,
				933D5BB5205D517900E7D107 /* UICollectionView+ReloadDataAnimation.swift */,
				933D5BB6205D517900E7D107 /* UICollectionView+DequeueReusableCell.swift */,
			);
			path = UICollectionView;
			sourceTree = "<group>";
		};
		933D5BB7205D517900E7D107 /* UINavigationBar */ = {
			isa = PBXGroup;
			children = (
				933D5BB8205D517900E7D107 /* UINavigationBar+Appearance.swift */,
			);
			path = UINavigationBar;
			sourceTree = "<group>";
		};
		933D5BB9205D517900E7D107 /* UIViewController */ = {
			isa = PBXGroup;
			children = (
				933D5BBA205D517900E7D107 /* UIViewController+HeadViewController.swift */,
			);
			path = UIViewController;
			sourceTree = "<group>";
		};
		933D5BBB205D517900E7D107 /* UINavigationController */ = {
			isa = PBXGroup;
			children = (
				933D5BBC205D517900E7D107 /* UINavigationController+Back.swift */,
				933D5BBD205D517900E7D107 /* UINavigationController+PopToClass.swift */,
			);
			path = UINavigationController;
			sourceTree = "<group>";
		};
		933D5BBE205D517900E7D107 /* UITableView */ = {
			isa = PBXGroup;
			children = (
				933D5BBF205D517900E7D107 /* UITableView+ReloadDataAnimation.swift */,
				933D5BC0205D517900E7D107 /* UITableView+DequeueReusableCell.swift */,
			);
			path = UITableView;
			sourceTree = "<group>";
		};
		D02394535E18961047A91346 /* Pods */ = {
			isa = PBXGroup;
			children = (
				C46C846EA0BDD3C6326E3261 /* Pods-BalticMuseums.debug.xcconfig */,
				DA8FBAC8F556CE7D7F4E1265 /* Pods-BalticMuseums.release.xcconfig */,
				AA2E3808C930B4E9673133B8 /* Pods-BalticMuseumsTests.debug.xcconfig */,
				DD993EEA447FC89AA3F2A8A0 /* Pods-BalticMuseumsTests.release.xcconfig */,
				BD0DA3674D7475E15B81C9BD /* Pods-BalticMuseumsUITests.debug.xcconfig */,
				3CB0065251AC546E215324EC /* Pods-BalticMuseumsUITests.release.xcconfig */,
			);
			name = Pods;
			sourceTree = "<group>";
		};
		FB7BBCF3205BB33400363510 = {
			isa = PBXGroup;
			children = (
				FB7BBCFE205BB33400363510 /* BalticMuseums */,
				FB7BBCFD205BB33400363510 /* Products */,
				D02394535E18961047A91346 /* Pods */,
				5B4B2357B307248D5A9B4AA3 /* Frameworks */,
			);
			sourceTree = "<group>";
		};
		FB7BBCFD205BB33400363510 /* Products */ = {
			isa = PBXGroup;
			children = (
				FB7BBCFC205BB33400363510 /* BalticMuseums.app */,
			);
			name = Products;
			sourceTree = "<group>";
		};
		FB7BBCFE205BB33400363510 /* BalticMuseums */ = {
			isa = PBXGroup;
			children = (
				933D5B7F205D515300E7D107 /* Tools */,
				933D5AF2205D45C200E7D107 /* View */,
				933D5AF3205D45C900E7D107 /* Main */,
				933D5AF4205D45D000E7D107 /* Supporting Files */,
			);
			path = BalticMuseums;
			sourceTree = "<group>";
		};
		FBCDF037205D74CC0016100D /* Tools */ = {
			isa = PBXGroup;
			children = (
				FBCDF038205D74DD0016100D /* CIQRCodeDescriptor+Data.swift */,
			);
			path = Tools;
			sourceTree = "<group>";
		};
/* End PBXGroup section */

/* Begin PBXNativeTarget section */
		FB7BBCFB205BB33400363510 /* BalticMuseums */ = {
			isa = PBXNativeTarget;
			buildConfigurationList = FB7BBD24205BB33500363510 /* Build configuration list for PBXNativeTarget "BalticMuseums" */;
			buildPhases = (
				A08DBB0F61C9C5EF7C48DC5F /* [CP] Check Pods Manifest.lock */,
				FB7BBCF8205BB33400363510 /* Sources */,
				FB7BBCF9205BB33400363510 /* Frameworks */,
				FB7BBCFA205BB33400363510 /* Resources */,
				71063E84155FA6EE09FAF24D /* [CP] Embed Pods Frameworks */,
				B32BFD287A0993811BA7183F /* [CP] Copy Pods Resources */,
			);
			buildRules = (
			);
			dependencies = (
			);
			name = BalticMuseums;
			productName = BalticMuseums;
			productReference = FB7BBCFC205BB33400363510 /* BalticMuseums.app */;
			productType = "com.apple.product-type.application";
		};
/* End PBXNativeTarget section */

/* Begin PBXProject section */
		FB7BBCF4205BB33400363510 /* Project object */ = {
			isa = PBXProject;
			attributes = {
				LastSwiftUpdateCheck = 0920;
				LastUpgradeCheck = 0920;
				ORGANIZATIONNAME = "Grzegorz Sagadyn";
				TargetAttributes = {
					FB7BBCFB205BB33400363510 = {
						CreatedOnToolsVersion = 9.2;
						ProvisioningStyle = Automatic;
					};
				};
			};
			buildConfigurationList = FB7BBCF7205BB33400363510 /* Build configuration list for PBXProject "BalticMuseums" */;
			compatibilityVersion = "Xcode 8.0";
			developmentRegion = en;
			hasScannedForEncodings = 0;
			knownRegions = (
				en,
				Base,
			);
			mainGroup = FB7BBCF3205BB33400363510;
			productRefGroup = FB7BBCFD205BB33400363510 /* Products */;
			projectDirPath = "";
			projectRoot = "";
			targets = (
				FB7BBCFB205BB33400363510 /* BalticMuseums */,
			);
		};
/* End PBXProject section */

/* Begin PBXResourcesBuildPhase section */
		FB7BBCFA205BB33400363510 /* Resources */ = {
			isa = PBXResourcesBuildPhase;
			buildActionMask = 2147483647;
			files = (
				FB7BBD0A205BB33400363510 /* LaunchScreen.storyboard in Resources */,
				FB7BBD07205BB33400363510 /* Assets.xcassets in Resources */,
				933D5B1B205D469400E7D107 /* Tab4ViewController.storyboard in Resources */,
				FB7BBD05205BB33400363510 /* TabBarViewController.storyboard in Resources */,
				933D5B02205D467200E7D107 /* MapViewController.storyboard in Resources */,
				75842DDC205D4E3500877A1A /* MapView.xib in Resources */,
				933D5B0A205D467D00E7D107 /* Tab2ViewController.storyboard in Resources */,
				933D5B12205D468700E7D107 /* Tab3ViewController.storyboard in Resources */,
			);
			runOnlyForDeploymentPostprocessing = 0;
		};
/* End PBXResourcesBuildPhase section */

/* Begin PBXShellScriptBuildPhase section */
		71063E84155FA6EE09FAF24D /* [CP] Embed Pods Frameworks */ = {
			isa = PBXShellScriptBuildPhase;
			buildActionMask = 2147483647;
			files = (
			);
			inputPaths = (
				"${SRCROOT}/Pods/Target Support Files/Pods-BalticMuseums/Pods-BalticMuseums-frameworks.sh",
				"${BUILT_PRODUCTS_DIR}/IQKeyboardManagerSwift/IQKeyboardManagerSwift.framework",
				"${BUILT_PRODUCTS_DIR}/RxCocoa/RxCocoa.framework",
				"${BUILT_PRODUCTS_DIR}/RxOptional/RxOptional.framework",
				"${BUILT_PRODUCTS_DIR}/RxSwift/RxSwift.framework",
				"${BUILT_PRODUCTS_DIR}/SnapKit/SnapKit.framework",
				"${BUILT_PRODUCTS_DIR}/Snapify/Snapify.framework",
			);
			name = "[CP] Embed Pods Frameworks";
			outputPaths = (
				"${TARGET_BUILD_DIR}/${FRAMEWORKS_FOLDER_PATH}/IQKeyboardManagerSwift.framework",
				"${TARGET_BUILD_DIR}/${FRAMEWORKS_FOLDER_PATH}/RxCocoa.framework",
				"${TARGET_BUILD_DIR}/${FRAMEWORKS_FOLDER_PATH}/RxOptional.framework",
				"${TARGET_BUILD_DIR}/${FRAMEWORKS_FOLDER_PATH}/RxSwift.framework",
				"${TARGET_BUILD_DIR}/${FRAMEWORKS_FOLDER_PATH}/SnapKit.framework",
				"${TARGET_BUILD_DIR}/${FRAMEWORKS_FOLDER_PATH}/Snapify.framework",
			);
			runOnlyForDeploymentPostprocessing = 0;
			shellPath = /bin/sh;
			shellScript = "\"${SRCROOT}/Pods/Target Support Files/Pods-BalticMuseums/Pods-BalticMuseums-frameworks.sh\"\n";
			showEnvVarsInLog = 0;
		};
		A08DBB0F61C9C5EF7C48DC5F /* [CP] Check Pods Manifest.lock */ = {
			isa = PBXShellScriptBuildPhase;
			buildActionMask = 2147483647;
			files = (
			);
			inputPaths = (
				"${PODS_PODFILE_DIR_PATH}/Podfile.lock",
				"${PODS_ROOT}/Manifest.lock",
			);
			name = "[CP] Check Pods Manifest.lock";
			outputPaths = (
				"$(DERIVED_FILE_DIR)/Pods-BalticMuseums-checkManifestLockResult.txt",
			);
			runOnlyForDeploymentPostprocessing = 0;
			shellPath = /bin/sh;
			shellScript = "diff \"${PODS_PODFILE_DIR_PATH}/Podfile.lock\" \"${PODS_ROOT}/Manifest.lock\" > /dev/null\nif [ $? != 0 ] ; then\n    # print error to STDERR\n    echo \"error: The sandbox is not in sync with the Podfile.lock. Run 'pod install' or update your CocoaPods installation.\" >&2\n    exit 1\nfi\n# This output is used by Xcode 'outputs' to avoid re-running this script phase.\necho \"SUCCESS\" > \"${SCRIPT_OUTPUT_FILE_0}\"\n";
			showEnvVarsInLog = 0;
		};
		B32BFD287A0993811BA7183F /* [CP] Copy Pods Resources */ = {
			isa = PBXShellScriptBuildPhase;
			buildActionMask = 2147483647;
			files = (
			);
			inputPaths = (
			);
			name = "[CP] Copy Pods Resources";
			outputPaths = (
			);
			runOnlyForDeploymentPostprocessing = 0;
			shellPath = /bin/sh;
			shellScript = "\"${SRCROOT}/Pods/Target Support Files/Pods-BalticMuseums/Pods-BalticMuseums-resources.sh\"\n";
			showEnvVarsInLog = 0;
		};
/* End PBXShellScriptBuildPhase section */

/* Begin PBXSourcesBuildPhase section */
		FB7BBCF8205BB33400363510 /* Sources */ = {
			isa = PBXSourcesBuildPhase;
			buildActionMask = 2147483647;
			files = (
				933D5BC7205D517900E7D107 /* UIAlertViewController+Rx.swift in Sources */,
				933D5BDA205D517900E7D107 /* UICollectionView+DequeueReusableView.swift in Sources */,
				933D5B13205D468700E7D107 /* Tab3ViewController.swift in Sources */,
				933D5BDD205D517900E7D107 /* UINavigationBar+Appearance.swift in Sources */,
				933D5BCF205D517900E7D107 /* CollectionViewSection.swift in Sources */,
				933D5BC3205D517900E7D107 /* TextFieldFormatter.swift in Sources */,
				FBCDF039205D74DD0016100D /* CIQRCodeDescriptor+Data.swift in Sources */,
				933D5BDB205D517900E7D107 /* UICollectionView+ReloadDataAnimation.swift in Sources */,
				75842DDA205D4C7200877A1A /* MapView.swift in Sources */,
				933D5B03205D467200E7D107 /* MapViewController.swift in Sources */,
				933D5BE1205D517900E7D107 /* UITableView+ReloadDataAnimation.swift in Sources */,
				933D5BD7205D517900E7D107 /* UIResponder+HideApplicationContent.swift in Sources */,
				933D5B1C205D469400E7D107 /* Tab4ViewController.swift in Sources */,
				933D5BD1205D517900E7D107 /* TableViewItem.swift in Sources */,
				933D5BCC205D517900E7D107 /* String+AccountFormatter.swift in Sources */,
				933D5BC4205D517900E7D107 /* Array+RemoveObject.swift in Sources */,
				933D5BD9205D517900E7D107 /* UIView+HideAnimation.swift in Sources */,
				933D5B19205D469400E7D107 /* Tab4Navigator.swift in Sources */,
				933D5BD3205D517900E7D107 /* UIImage+Color.swift in Sources */,
				933D5BD6205D517900E7D107 /* UIApplication+HeadViewController.swift in Sources */,
				933D5B0B205D467D00E7D107 /* Tab2ViewController.swift in Sources */,
				FB7BBD02205BB33400363510 /* TabBarViewController.swift in Sources */,
				933D5BC9205D517900E7D107 /* String+Localizable.swift in Sources */,
				933D5BE0205D517900E7D107 /* UINavigationController+PopToClass.swift in Sources */,
				75842DE8205D9C2000877A1A /* ExhibitionDetailHeaderView.swift in Sources */,
				933D5BC6205D517900E7D107 /* NSAttributedString+Concatenate.swift in Sources */,
				933D5BD5205D517900E7D107 /* UILabel+TextAnimation.swift in Sources */,
				933D5BDE205D517900E7D107 /* UIViewController+HeadViewController.swift in Sources */,
				933D5BDF205D517900E7D107 /* UINavigationController+Back.swift in Sources */,
				933D5BC8205D517900E7D107 /* ObservableType+AlertController.swift in Sources */,
				933D5BCA205D517900E7D107 /* String+CardFormatter.swift in Sources */,
				75842DE3205D8CFC00877A1A /* Tab1Presenter.swift in Sources */,
				933D5BE2205D517900E7D107 /* UITableView+DequeueReusableCell.swift in Sources */,
				933D5BD4205D517900E7D107 /* UIWindow+RootViewController.swift in Sources */,
				FB7BBD00205BB33400363510 /* AppDelegate.swift in Sources */,
				933D5AF6205D45F500E7D107 /* ViewStore.swift in Sources */,
				75842DDE205D826B00877A1A /* MapViewBarViewController.swift in Sources */,
				75842DE6205D95DC00877A1A /* ParallaxTableViewHeaderView.swift in Sources */,
				933D5BC5205D517900E7D107 /* Reactive+Extensions.swift in Sources */,
				933D5BD2205D517900E7D107 /* TableViewSection.swift in Sources */,
				933D5B08205D467D00E7D107 /* Tab2Navigator.swift in Sources */,
				75842DE4205D8CFC00877A1A /* Tab1Navigator.swift in Sources */,
				933D5BC1205D517900E7D107 /* AmountTextFieldFormatter.swift in Sources */,
				933D5BCE205D517900E7D107 /* CollectionViewItem.swift in Sources */,
				933D5BCB205D517900E7D107 /* String+AmountFormatter.swift in Sources */,
				933D5BD0205D517900E7D107 /* ILocalizedError.swift in Sources */,
				933D5B1A205D469400E7D107 /* Tab4Presenter.swift in Sources */,
				933D5BD8205D517900E7D107 /* UIView+Instantiate.swift in Sources */,
				933D5B09205D467D00E7D107 /* Tab2Presenter.swift in Sources */,
				933D5BCD205D517900E7D107 /* String+Tools.swift in Sources */,
				75842DE0205D8B1D00877A1A /* ExhibitionDetailViewController.swift in Sources */,
				933D5BC2205D517900E7D107 /* SimpleTextFieldFormatter.swift in Sources */,
				933D5BDC205D517900E7D107 /* UICollectionView+DequeueReusableCell.swift in Sources */,
			);
			runOnlyForDeploymentPostprocessing = 0;
		};
/* End PBXSourcesBuildPhase section */

/* Begin PBXVariantGroup section */
		FB7BBD03205BB33400363510 /* TabBarViewController.storyboard */ = {
			isa = PBXVariantGroup;
			children = (
				FB7BBD04205BB33400363510 /* Base */,
			);
			name = TabBarViewController.storyboard;
			sourceTree = "<group>";
		};
		FB7BBD08205BB33400363510 /* LaunchScreen.storyboard */ = {
			isa = PBXVariantGroup;
			children = (
				FB7BBD09205BB33400363510 /* Base */,
			);
			name = LaunchScreen.storyboard;
			sourceTree = "<group>";
		};
/* End PBXVariantGroup section */

/* Begin XCBuildConfiguration section */
		FB7BBD22205BB33500363510 /* Debug */ = {
			isa = XCBuildConfiguration;
			buildSettings = {
				ALWAYS_SEARCH_USER_PATHS = NO;
				CLANG_ANALYZER_NONNULL = YES;
				CLANG_ANALYZER_NUMBER_OBJECT_CONVERSION = YES_AGGRESSIVE;
				CLANG_CXX_LANGUAGE_STANDARD = "gnu++14";
				CLANG_CXX_LIBRARY = "libc++";
				CLANG_ENABLE_MODULES = YES;
				CLANG_ENABLE_OBJC_ARC = YES;
				CLANG_WARN_BLOCK_CAPTURE_AUTORELEASING = YES;
				CLANG_WARN_BOOL_CONVERSION = YES;
				CLANG_WARN_COMMA = YES;
				CLANG_WARN_CONSTANT_CONVERSION = YES;
				CLANG_WARN_DIRECT_OBJC_ISA_USAGE = YES_ERROR;
				CLANG_WARN_DOCUMENTATION_COMMENTS = YES;
				CLANG_WARN_EMPTY_BODY = YES;
				CLANG_WARN_ENUM_CONVERSION = YES;
				CLANG_WARN_INFINITE_RECURSION = YES;
				CLANG_WARN_INT_CONVERSION = YES;
				CLANG_WARN_NON_LITERAL_NULL_CONVERSION = YES;
				CLANG_WARN_OBJC_LITERAL_CONVERSION = YES;
				CLANG_WARN_OBJC_ROOT_CLASS = YES_ERROR;
				CLANG_WARN_RANGE_LOOP_ANALYSIS = YES;
				CLANG_WARN_STRICT_PROTOTYPES = YES;
				CLANG_WARN_SUSPICIOUS_MOVE = YES;
				CLANG_WARN_UNGUARDED_AVAILABILITY = YES_AGGRESSIVE;
				CLANG_WARN_UNREACHABLE_CODE = YES;
				CLANG_WARN__DUPLICATE_METHOD_MATCH = YES;
				CODE_SIGN_IDENTITY = "iPhone Developer";
				COPY_PHASE_STRIP = NO;
				DEBUG_INFORMATION_FORMAT = dwarf;
				ENABLE_STRICT_OBJC_MSGSEND = YES;
				ENABLE_TESTABILITY = YES;
				GCC_C_LANGUAGE_STANDARD = gnu11;
				GCC_DYNAMIC_NO_PIC = NO;
				GCC_NO_COMMON_BLOCKS = YES;
				GCC_OPTIMIZATION_LEVEL = 0;
				GCC_PREPROCESSOR_DEFINITIONS = (
					"DEBUG=1",
					"$(inherited)",
				);
				GCC_WARN_64_TO_32_BIT_CONVERSION = YES;
				GCC_WARN_ABOUT_RETURN_TYPE = YES_ERROR;
				GCC_WARN_UNDECLARED_SELECTOR = YES;
				GCC_WARN_UNINITIALIZED_AUTOS = YES_AGGRESSIVE;
				GCC_WARN_UNUSED_FUNCTION = YES;
				GCC_WARN_UNUSED_VARIABLE = YES;
				IPHONEOS_DEPLOYMENT_TARGET = 11.2;
				MTL_ENABLE_DEBUG_INFO = YES;
				ONLY_ACTIVE_ARCH = YES;
				SDKROOT = iphoneos;
				SWIFT_ACTIVE_COMPILATION_CONDITIONS = DEBUG;
				SWIFT_OPTIMIZATION_LEVEL = "-Onone";
			};
			name = Debug;
		};
		FB7BBD23205BB33500363510 /* Release */ = {
			isa = XCBuildConfiguration;
			buildSettings = {
				ALWAYS_SEARCH_USER_PATHS = NO;
				CLANG_ANALYZER_NONNULL = YES;
				CLANG_ANALYZER_NUMBER_OBJECT_CONVERSION = YES_AGGRESSIVE;
				CLANG_CXX_LANGUAGE_STANDARD = "gnu++14";
				CLANG_CXX_LIBRARY = "libc++";
				CLANG_ENABLE_MODULES = YES;
				CLANG_ENABLE_OBJC_ARC = YES;
				CLANG_WARN_BLOCK_CAPTURE_AUTORELEASING = YES;
				CLANG_WARN_BOOL_CONVERSION = YES;
				CLANG_WARN_COMMA = YES;
				CLANG_WARN_CONSTANT_CONVERSION = YES;
				CLANG_WARN_DIRECT_OBJC_ISA_USAGE = YES_ERROR;
				CLANG_WARN_DOCUMENTATION_COMMENTS = YES;
				CLANG_WARN_EMPTY_BODY = YES;
				CLANG_WARN_ENUM_CONVERSION = YES;
				CLANG_WARN_INFINITE_RECURSION = YES;
				CLANG_WARN_INT_CONVERSION = YES;
				CLANG_WARN_NON_LITERAL_NULL_CONVERSION = YES;
				CLANG_WARN_OBJC_LITERAL_CONVERSION = YES;
				CLANG_WARN_OBJC_ROOT_CLASS = YES_ERROR;
				CLANG_WARN_RANGE_LOOP_ANALYSIS = YES;
				CLANG_WARN_STRICT_PROTOTYPES = YES;
				CLANG_WARN_SUSPICIOUS_MOVE = YES;
				CLANG_WARN_UNGUARDED_AVAILABILITY = YES_AGGRESSIVE;
				CLANG_WARN_UNREACHABLE_CODE = YES;
				CLANG_WARN__DUPLICATE_METHOD_MATCH = YES;
				CODE_SIGN_IDENTITY = "iPhone Developer";
				COPY_PHASE_STRIP = NO;
				DEBUG_INFORMATION_FORMAT = "dwarf-with-dsym";
				ENABLE_NS_ASSERTIONS = NO;
				ENABLE_STRICT_OBJC_MSGSEND = YES;
				GCC_C_LANGUAGE_STANDARD = gnu11;
				GCC_NO_COMMON_BLOCKS = YES;
				GCC_WARN_64_TO_32_BIT_CONVERSION = YES;
				GCC_WARN_ABOUT_RETURN_TYPE = YES_ERROR;
				GCC_WARN_UNDECLARED_SELECTOR = YES;
				GCC_WARN_UNINITIALIZED_AUTOS = YES_AGGRESSIVE;
				GCC_WARN_UNUSED_FUNCTION = YES;
				GCC_WARN_UNUSED_VARIABLE = YES;
				IPHONEOS_DEPLOYMENT_TARGET = 11.2;
				MTL_ENABLE_DEBUG_INFO = NO;
				SDKROOT = iphoneos;
				SWIFT_OPTIMIZATION_LEVEL = "-Owholemodule";
				VALIDATE_PRODUCT = YES;
			};
			name = Release;
		};
		FB7BBD25205BB33500363510 /* Debug */ = {
			isa = XCBuildConfiguration;
			baseConfigurationReference = C46C846EA0BDD3C6326E3261 /* Pods-BalticMuseums.debug.xcconfig */;
			buildSettings = {
				ASSETCATALOG_COMPILER_APPICON_NAME = AppIcon;
				CODE_SIGN_STYLE = Automatic;
				DEVELOPMENT_TEAM = 889FLUST5R;
				INFOPLIST_FILE = "$(SRCROOT)/BalticMuseums/Supporting Files/Info.plist";
				LD_RUNPATH_SEARCH_PATHS = "$(inherited) @executable_path/Frameworks";
				PRODUCT_BUNDLE_IDENTIFIER = pl.hackathon.BalticMuseums;
				PRODUCT_NAME = "$(TARGET_NAME)";
				SWIFT_VERSION = 4.0;
				TARGETED_DEVICE_FAMILY = "1,2";
			};
			name = Debug;
		};
		FB7BBD26205BB33500363510 /* Release */ = {
			isa = XCBuildConfiguration;
			baseConfigurationReference = DA8FBAC8F556CE7D7F4E1265 /* Pods-BalticMuseums.release.xcconfig */;
			buildSettings = {
				ASSETCATALOG_COMPILER_APPICON_NAME = AppIcon;
				CODE_SIGN_STYLE = Automatic;
				DEVELOPMENT_TEAM = 889FLUST5R;
				INFOPLIST_FILE = "$(SRCROOT)/BalticMuseums/Supporting Files/Info.plist";
				LD_RUNPATH_SEARCH_PATHS = "$(inherited) @executable_path/Frameworks";
				PRODUCT_BUNDLE_IDENTIFIER = pl.hackathon.BalticMuseums;
				PRODUCT_NAME = "$(TARGET_NAME)";
				SWIFT_VERSION = 4.0;
				TARGETED_DEVICE_FAMILY = "1,2";
			};
			name = Release;
		};
/* End XCBuildConfiguration section */

/* Begin XCConfigurationList section */
		FB7BBCF7205BB33400363510 /* Build configuration list for PBXProject "BalticMuseums" */ = {
			isa = XCConfigurationList;
			buildConfigurations = (
				FB7BBD22205BB33500363510 /* Debug */,
				FB7BBD23205BB33500363510 /* Release */,
			);
			defaultConfigurationIsVisible = 0;
			defaultConfigurationName = Release;
		};
		FB7BBD24205BB33500363510 /* Build configuration list for PBXNativeTarget "BalticMuseums" */ = {
			isa = XCConfigurationList;
			buildConfigurations = (
				FB7BBD25205BB33500363510 /* Debug */,
				FB7BBD26205BB33500363510 /* Release */,
			);
			defaultConfigurationIsVisible = 0;
			defaultConfigurationName = Release;
		};
/* End XCConfigurationList section */
	};
	rootObject = FB7BBCF4205BB33400363510 /* Project object */;
}
