// !$*UTF8*$!
{
	archiveVersion = 1;
	classes = {
	};
	objectVersion = 48;
	objects = {

/* Begin PBXBuildFile section */
		75842DDA205D4C7200877A1A /* MapView.swift in Sources */ = {isa = PBXBuildFile; fileRef = 75842DD9205D4C7200877A1A /* MapView.swift */; };
		75842DDC205D4E3500877A1A /* MapView.xib in Resources */ = {isa = PBXBuildFile; fileRef = 75842DDB205D4E3500877A1A /* MapView.xib */; };
		764F7630A5AE8932B9AACC09 /* Pods_BalticMuseums.framework in Frameworks */ = {isa = PBXBuildFile; fileRef = 4BB09756C1A03984BE6478CC /* Pods_BalticMuseums.framework */; };
		933D5AF6205D45F500E7D107 /* ViewStore.swift in Sources */ = {isa = PBXBuildFile; fileRef = 933D5AF5205D45F500E7D107 /* ViewStore.swift */; };
		933D5B00205D467200E7D107 /* Tab1Navigator.swift in Sources */ = {isa = PBXBuildFile; fileRef = 933D5AFC205D467200E7D107 /* Tab1Navigator.swift */; };
		933D5B01205D467200E7D107 /* Tab1Presenter.swift in Sources */ = {isa = PBXBuildFile; fileRef = 933D5AFD205D467200E7D107 /* Tab1Presenter.swift */; };
		933D5B02205D467200E7D107 /* Tab1ViewController.storyboard in Resources */ = {isa = PBXBuildFile; fileRef = 933D5AFE205D467200E7D107 /* Tab1ViewController.storyboard */; };
		933D5B03205D467200E7D107 /* Tab1ViewController.swift in Sources */ = {isa = PBXBuildFile; fileRef = 933D5AFF205D467200E7D107 /* Tab1ViewController.swift */; };
		933D5B08205D467D00E7D107 /* Tab2Navigator.swift in Sources */ = {isa = PBXBuildFile; fileRef = 933D5B04205D467D00E7D107 /* Tab2Navigator.swift */; };
		933D5B09205D467D00E7D107 /* Tab2Presenter.swift in Sources */ = {isa = PBXBuildFile; fileRef = 933D5B05205D467D00E7D107 /* Tab2Presenter.swift */; };
		933D5B0A205D467D00E7D107 /* Tab2ViewController.storyboard in Resources */ = {isa = PBXBuildFile; fileRef = 933D5B06205D467D00E7D107 /* Tab2ViewController.storyboard */; };
		933D5B0B205D467D00E7D107 /* Tab2ViewController.swift in Sources */ = {isa = PBXBuildFile; fileRef = 933D5B07205D467D00E7D107 /* Tab2ViewController.swift */; };
		933D5B10205D468700E7D107 /* Tab3Navigator.swift in Sources */ = {isa = PBXBuildFile; fileRef = 933D5B0C205D468700E7D107 /* Tab3Navigator.swift */; };
		933D5B11205D468700E7D107 /* Tab3Presenter.swift in Sources */ = {isa = PBXBuildFile; fileRef = 933D5B0D205D468700E7D107 /* Tab3Presenter.swift */; };
		933D5B12205D468700E7D107 /* Tab3ViewController.storyboard in Resources */ = {isa = PBXBuildFile; fileRef = 933D5B0E205D468700E7D107 /* Tab3ViewController.storyboard */; };
		933D5B13205D468700E7D107 /* Tab3ViewController.swift in Sources */ = {isa = PBXBuildFile; fileRef = 933D5B0F205D468700E7D107 /* Tab3ViewController.swift */; };
		933D5B19205D469400E7D107 /* Tab4Navigator.swift in Sources */ = {isa = PBXBuildFile; fileRef = 933D5B15205D469400E7D107 /* Tab4Navigator.swift */; };
		933D5B1A205D469400E7D107 /* Tab4Presenter.swift in Sources */ = {isa = PBXBuildFile; fileRef = 933D5B16205D469400E7D107 /* Tab4Presenter.swift */; };
		933D5B1B205D469400E7D107 /* Tab4ViewController.storyboard in Resources */ = {isa = PBXBuildFile; fileRef = 933D5B17205D469400E7D107 /* Tab4ViewController.storyboard */; };
		933D5B1C205D469400E7D107 /* Tab4ViewController.swift in Sources */ = {isa = PBXBuildFile; fileRef = 933D5B18205D469400E7D107 /* Tab4ViewController.swift */; };
		FB7BBD00205BB33400363510 /* AppDelegate.swift in Sources */ = {isa = PBXBuildFile; fileRef = FB7BBCFF205BB33400363510 /* AppDelegate.swift */; };
		FB7BBD02205BB33400363510 /* TabBarViewController.swift in Sources */ = {isa = PBXBuildFile; fileRef = FB7BBD01205BB33400363510 /* TabBarViewController.swift */; };
		FB7BBD05205BB33400363510 /* TabBarViewController.storyboard in Resources */ = {isa = PBXBuildFile; fileRef = FB7BBD03205BB33400363510 /* TabBarViewController.storyboard */; };
		FB7BBD07205BB33400363510 /* Assets.xcassets in Resources */ = {isa = PBXBuildFile; fileRef = FB7BBD06205BB33400363510 /* Assets.xcassets */; };
		FB7BBD0A205BB33400363510 /* LaunchScreen.storyboard in Resources */ = {isa = PBXBuildFile; fileRef = FB7BBD08205BB33400363510 /* LaunchScreen.storyboard */; };
/* End PBXBuildFile section */

/* Begin PBXFileReference section */
		37F79FCD2EC0E2CEC4C77CF3 /* Pods_BalticMuseumsUITests.framework */ = {isa = PBXFileReference; explicitFileType = wrapper.framework; includeInIndex = 0; path = Pods_BalticMuseumsUITests.framework; sourceTree = BUILT_PRODUCTS_DIR; };
		3CB0065251AC546E215324EC /* Pods-BalticMuseumsUITests.release.xcconfig */ = {isa = PBXFileReference; includeInIndex = 1; lastKnownFileType = text.xcconfig; name = "Pods-BalticMuseumsUITests.release.xcconfig"; path = "Pods/Target Support Files/Pods-BalticMuseumsUITests/Pods-BalticMuseumsUITests.release.xcconfig"; sourceTree = "<group>"; };
		4BB09756C1A03984BE6478CC /* Pods_BalticMuseums.framework */ = {isa = PBXFileReference; explicitFileType = wrapper.framework; includeInIndex = 0; path = Pods_BalticMuseums.framework; sourceTree = BUILT_PRODUCTS_DIR; };
		75842DD9205D4C7200877A1A /* MapView.swift */ = {isa = PBXFileReference; lastKnownFileType = sourcecode.swift; path = MapView.swift; sourceTree = "<group>"; };
		75842DDB205D4E3500877A1A /* MapView.xib */ = {isa = PBXFileReference; lastKnownFileType = file.xib; path = MapView.xib; sourceTree = "<group>"; };
		933D5AF5205D45F500E7D107 /* ViewStore.swift */ = {isa = PBXFileReference; lastKnownFileType = sourcecode.swift; path = ViewStore.swift; sourceTree = "<group>"; };
		933D5AFC205D467200E7D107 /* Tab1Navigator.swift */ = {isa = PBXFileReference; lastKnownFileType = sourcecode.swift; path = Tab1Navigator.swift; sourceTree = "<group>"; };
		933D5AFD205D467200E7D107 /* Tab1Presenter.swift */ = {isa = PBXFileReference; lastKnownFileType = sourcecode.swift; path = Tab1Presenter.swift; sourceTree = "<group>"; };
		933D5AFE205D467200E7D107 /* Tab1ViewController.storyboard */ = {isa = PBXFileReference; lastKnownFileType = file.storyboard; path = Tab1ViewController.storyboard; sourceTree = "<group>"; };
		933D5AFF205D467200E7D107 /* Tab1ViewController.swift */ = {isa = PBXFileReference; lastKnownFileType = sourcecode.swift; path = Tab1ViewController.swift; sourceTree = "<group>"; };
		933D5B04205D467D00E7D107 /* Tab2Navigator.swift */ = {isa = PBXFileReference; lastKnownFileType = sourcecode.swift; path = Tab2Navigator.swift; sourceTree = "<group>"; };
		933D5B05205D467D00E7D107 /* Tab2Presenter.swift */ = {isa = PBXFileReference; lastKnownFileType = sourcecode.swift; path = Tab2Presenter.swift; sourceTree = "<group>"; };
		933D5B06205D467D00E7D107 /* Tab2ViewController.storyboard */ = {isa = PBXFileReference; lastKnownFileType = file.storyboard; path = Tab2ViewController.storyboard; sourceTree = "<group>"; };
		933D5B07205D467D00E7D107 /* Tab2ViewController.swift */ = {isa = PBXFileReference; lastKnownFileType = sourcecode.swift; path = Tab2ViewController.swift; sourceTree = "<group>"; };
		933D5B0C205D468700E7D107 /* Tab3Navigator.swift */ = {isa = PBXFileReference; lastKnownFileType = sourcecode.swift; path = Tab3Navigator.swift; sourceTree = "<group>"; };
		933D5B0D205D468700E7D107 /* Tab3Presenter.swift */ = {isa = PBXFileReference; lastKnownFileType = sourcecode.swift; path = Tab3Presenter.swift; sourceTree = "<group>"; };
		933D5B0E205D468700E7D107 /* Tab3ViewController.storyboard */ = {isa = PBXFileReference; lastKnownFileType = file.storyboard; path = Tab3ViewController.storyboard; sourceTree = "<group>"; };
		933D5B0F205D468700E7D107 /* Tab3ViewController.swift */ = {isa = PBXFileReference; lastKnownFileType = sourcecode.swift; path = Tab3ViewController.swift; sourceTree = "<group>"; };
		933D5B15205D469400E7D107 /* Tab4Navigator.swift */ = {isa = PBXFileReference; lastKnownFileType = sourcecode.swift; path = Tab4Navigator.swift; sourceTree = "<group>"; };
		933D5B16205D469400E7D107 /* Tab4Presenter.swift */ = {isa = PBXFileReference; lastKnownFileType = sourcecode.swift; path = Tab4Presenter.swift; sourceTree = "<group>"; };
		933D5B17205D469400E7D107 /* Tab4ViewController.storyboard */ = {isa = PBXFileReference; lastKnownFileType = file.storyboard; path = Tab4ViewController.storyboard; sourceTree = "<group>"; };
		933D5B18205D469400E7D107 /* Tab4ViewController.swift */ = {isa = PBXFileReference; lastKnownFileType = sourcecode.swift; path = Tab4ViewController.swift; sourceTree = "<group>"; };
		AA2E3808C930B4E9673133B8 /* Pods-BalticMuseumsTests.debug.xcconfig */ = {isa = PBXFileReference; includeInIndex = 1; lastKnownFileType = text.xcconfig; name = "Pods-BalticMuseumsTests.debug.xcconfig"; path = "Pods/Target Support Files/Pods-BalticMuseumsTests/Pods-BalticMuseumsTests.debug.xcconfig"; sourceTree = "<group>"; };
		BD0DA3674D7475E15B81C9BD /* Pods-BalticMuseumsUITests.debug.xcconfig */ = {isa = PBXFileReference; includeInIndex = 1; lastKnownFileType = text.xcconfig; name = "Pods-BalticMuseumsUITests.debug.xcconfig"; path = "Pods/Target Support Files/Pods-BalticMuseumsUITests/Pods-BalticMuseumsUITests.debug.xcconfig"; sourceTree = "<group>"; };
		C46C846EA0BDD3C6326E3261 /* Pods-BalticMuseums.debug.xcconfig */ = {isa = PBXFileReference; includeInIndex = 1; lastKnownFileType = text.xcconfig; name = "Pods-BalticMuseums.debug.xcconfig"; path = "Pods/Target Support Files/Pods-BalticMuseums/Pods-BalticMuseums.debug.xcconfig"; sourceTree = "<group>"; };
		DA8FBAC8F556CE7D7F4E1265 /* Pods-BalticMuseums.release.xcconfig */ = {isa = PBXFileReference; includeInIndex = 1; lastKnownFileType = text.xcconfig; name = "Pods-BalticMuseums.release.xcconfig"; path = "Pods/Target Support Files/Pods-BalticMuseums/Pods-BalticMuseums.release.xcconfig"; sourceTree = "<group>"; };
		DD993EEA447FC89AA3F2A8A0 /* Pods-BalticMuseumsTests.release.xcconfig */ = {isa = PBXFileReference; includeInIndex = 1; lastKnownFileType = text.xcconfig; name = "Pods-BalticMuseumsTests.release.xcconfig"; path = "Pods/Target Support Files/Pods-BalticMuseumsTests/Pods-BalticMuseumsTests.release.xcconfig"; sourceTree = "<group>"; };
		E8C00812BC9984925F38AB42 /* Pods_BalticMuseumsTests.framework */ = {isa = PBXFileReference; explicitFileType = wrapper.framework; includeInIndex = 0; path = Pods_BalticMuseumsTests.framework; sourceTree = BUILT_PRODUCTS_DIR; };
		FB7BBCFC205BB33400363510 /* BalticMuseums.app */ = {isa = PBXFileReference; explicitFileType = wrapper.application; includeInIndex = 0; path = BalticMuseums.app; sourceTree = BUILT_PRODUCTS_DIR; };
		FB7BBCFF205BB33400363510 /* AppDelegate.swift */ = {isa = PBXFileReference; lastKnownFileType = sourcecode.swift; path = AppDelegate.swift; sourceTree = "<group>"; };
		FB7BBD01205BB33400363510 /* TabBarViewController.swift */ = {isa = PBXFileReference; lastKnownFileType = sourcecode.swift; path = TabBarViewController.swift; sourceTree = "<group>"; };
		FB7BBD04205BB33400363510 /* Base */ = {isa = PBXFileReference; lastKnownFileType = file.storyboard; name = Base; path = Base.lproj/TabBarViewController.storyboard; sourceTree = "<group>"; };
		FB7BBD06205BB33400363510 /* Assets.xcassets */ = {isa = PBXFileReference; lastKnownFileType = folder.assetcatalog; path = Assets.xcassets; sourceTree = "<group>"; };
		FB7BBD09205BB33400363510 /* Base */ = {isa = PBXFileReference; lastKnownFileType = file.storyboard; name = Base; path = Base.lproj/LaunchScreen.storyboard; sourceTree = "<group>"; };
		FB7BBD0B205BB33400363510 /* Info.plist */ = {isa = PBXFileReference; lastKnownFileType = text.plist.xml; path = Info.plist; sourceTree = "<group>"; };
/* End PBXFileReference section */

/* Begin PBXFrameworksBuildPhase section */
		FB7BBCF9205BB33400363510 /* Frameworks */ = {
			isa = PBXFrameworksBuildPhase;
			buildActionMask = 2147483647;
			files = (
				764F7630A5AE8932B9AACC09 /* Pods_BalticMuseums.framework in Frameworks */,
			);
			runOnlyForDeploymentPostprocessing = 0;
		};
/* End PBXFrameworksBuildPhase section */

/* Begin PBXGroup section */
		5B4B2357B307248D5A9B4AA3 /* Frameworks */ = {
			isa = PBXGroup;
			children = (
				4BB09756C1A03984BE6478CC /* Pods_BalticMuseums.framework */,
				E8C00812BC9984925F38AB42 /* Pods_BalticMuseumsTests.framework */,
				37F79FCD2EC0E2CEC4C77CF3 /* Pods_BalticMuseumsUITests.framework */,
			);
			name = Frameworks;
			sourceTree = "<group>";
		};
		933D5AF2205D45C200E7D107 /* View */ = {
			isa = PBXGroup;
			children = (
				933D5AF7205D462000E7D107 /* TabBar */,
				933D5AF8205D462700E7D107 /* Tab1 */,
				933D5AF9205D463100E7D107 /* Tab2 */,
				933D5AFA205D463300E7D107 /* Tab3 */,
				933D5AFB205D463600E7D107 /* Tab4 */,
				933D5AF5205D45F500E7D107 /* ViewStore.swift */,
			);
			path = View;
			sourceTree = "<group>";
		};
		933D5AF3205D45C900E7D107 /* Main */ = {
			isa = PBXGroup;
			children = (
				FB7BBCFF205BB33400363510 /* AppDelegate.swift */,
			);
			path = Main;
			sourceTree = "<group>";
		};
		933D5AF4205D45D000E7D107 /* Supporting Files */ = {
			isa = PBXGroup;
			children = (
				933D5B1D205D47E000E7D107 /* Resources */,
				933D5B1E205D47FB00E7D107 /* Plist */,
				FB7BBD08205BB33400363510 /* LaunchScreen.storyboard */,
				FB7BBD0B205BB33400363510 /* Info.plist */,
			);
			path = "Supporting Files";
			sourceTree = "<group>";
		};
		933D5AF7205D462000E7D107 /* TabBar */ = {
			isa = PBXGroup;
			children = (
				FB7BBD03205BB33400363510 /* TabBarViewController.storyboard */,
				FB7BBD01205BB33400363510 /* TabBarViewController.swift */,
			);
			path = TabBar;
			sourceTree = "<group>";
		};
		933D5AF8205D462700E7D107 /* Tab1 */ = {
			isa = PBXGroup;
			children = (
				933D5AFE205D467200E7D107 /* Tab1ViewController.storyboard */,
				933D5AFC205D467200E7D107 /* Tab1Navigator.swift */,
				933D5AFD205D467200E7D107 /* Tab1Presenter.swift */,
				933D5AFF205D467200E7D107 /* Tab1ViewController.swift */,
				75842DD9205D4C7200877A1A /* MapView.swift */,
				75842DDB205D4E3500877A1A /* MapView.xib */,
			);
			path = Tab1;
			sourceTree = "<group>";
		};
		933D5AF9205D463100E7D107 /* Tab2 */ = {
			isa = PBXGroup;
			children = (
				933D5B06205D467D00E7D107 /* Tab2ViewController.storyboard */,
				933D5B04205D467D00E7D107 /* Tab2Navigator.swift */,
				933D5B05205D467D00E7D107 /* Tab2Presenter.swift */,
				933D5B07205D467D00E7D107 /* Tab2ViewController.swift */,
			);
			path = Tab2;
			sourceTree = "<group>";
		};
		933D5AFA205D463300E7D107 /* Tab3 */ = {
			isa = PBXGroup;
			children = (
				933D5B0E205D468700E7D107 /* Tab3ViewController.storyboard */,
				933D5B0C205D468700E7D107 /* Tab3Navigator.swift */,
				933D5B0D205D468700E7D107 /* Tab3Presenter.swift */,
				933D5B0F205D468700E7D107 /* Tab3ViewController.swift */,
			);
			path = Tab3;
			sourceTree = "<group>";
		};
		933D5AFB205D463600E7D107 /* Tab4 */ = {
			isa = PBXGroup;
			children = (
				933D5B17205D469400E7D107 /* Tab4ViewController.storyboard */,
				933D5B15205D469400E7D107 /* Tab4Navigator.swift */,
				933D5B16205D469400E7D107 /* Tab4Presenter.swift */,
				933D5B18205D469400E7D107 /* Tab4ViewController.swift */,
			);
			path = Tab4;
			sourceTree = "<group>";
		};
		933D5B1D205D47E000E7D107 /* Resources */ = {
			isa = PBXGroup;
			children = (
			);
			path = Resources;
			sourceTree = "<group>";
		};
		933D5B1E205D47FB00E7D107 /* Plist */ = {
			isa = PBXGroup;
			children = (
				FB7BBD06205BB33400363510 /* Assets.xcassets */,
			);
			path = Plist;
			sourceTree = "<group>";
		};
		D02394535E18961047A91346 /* Pods */ = {
			isa = PBXGroup;
			children = (
				C46C846EA0BDD3C6326E3261 /* Pods-BalticMuseums.debug.xcconfig */,
				DA8FBAC8F556CE7D7F4E1265 /* Pods-BalticMuseums.release.xcconfig */,
				AA2E3808C930B4E9673133B8 /* Pods-BalticMuseumsTests.debug.xcconfig */,
				DD993EEA447FC89AA3F2A8A0 /* Pods-BalticMuseumsTests.release.xcconfig */,
				BD0DA3674D7475E15B81C9BD /* Pods-BalticMuseumsUITests.debug.xcconfig */,
				3CB0065251AC546E215324EC /* Pods-BalticMuseumsUITests.release.xcconfig */,
			);
			name = Pods;
			sourceTree = "<group>";
		};
		FB7BBCF3205BB33400363510 = {
			isa = PBXGroup;
			children = (
				FB7BBCFE205BB33400363510 /* BalticMuseums */,
				FB7BBCFD205BB33400363510 /* Products */,
				D02394535E18961047A91346 /* Pods */,
				5B4B2357B307248D5A9B4AA3 /* Frameworks */,
			);
			sourceTree = "<group>";
		};
		FB7BBCFD205BB33400363510 /* Products */ = {
			isa = PBXGroup;
			children = (
				FB7BBCFC205BB33400363510 /* BalticMuseums.app */,
			);
			name = Products;
			sourceTree = "<group>";
		};
		FB7BBCFE205BB33400363510 /* BalticMuseums */ = {
			isa = PBXGroup;
			children = (
				933D5AF2205D45C200E7D107 /* View */,
				933D5AF3205D45C900E7D107 /* Main */,
				933D5AF4205D45D000E7D107 /* Supporting Files */,
			);
			path = BalticMuseums;
			sourceTree = "<group>";
		};
/* End PBXGroup section */

/* Begin PBXNativeTarget section */
		FB7BBCFB205BB33400363510 /* BalticMuseums */ = {
			isa = PBXNativeTarget;
			buildConfigurationList = FB7BBD24205BB33500363510 /* Build configuration list for PBXNativeTarget "BalticMuseums" */;
			buildPhases = (
				A08DBB0F61C9C5EF7C48DC5F /* [CP] Check Pods Manifest.lock */,
				FB7BBCF8205BB33400363510 /* Sources */,
				FB7BBCF9205BB33400363510 /* Frameworks */,
				FB7BBCFA205BB33400363510 /* Resources */,
				71063E84155FA6EE09FAF24D /* [CP] Embed Pods Frameworks */,
				B32BFD287A0993811BA7183F /* [CP] Copy Pods Resources */,
			);
			buildRules = (
			);
			dependencies = (
			);
			name = BalticMuseums;
			productName = BalticMuseums;
			productReference = FB7BBCFC205BB33400363510 /* BalticMuseums.app */;
			productType = "com.apple.product-type.application";
		};
/* End PBXNativeTarget section */

/* Begin PBXProject section */
		FB7BBCF4205BB33400363510 /* Project object */ = {
			isa = PBXProject;
			attributes = {
				LastSwiftUpdateCheck = 0920;
				LastUpgradeCheck = 0920;
				ORGANIZATIONNAME = "Grzegorz Sagadyn";
				TargetAttributes = {
					FB7BBCFB205BB33400363510 = {
						CreatedOnToolsVersion = 9.2;
						ProvisioningStyle = Automatic;
					};
				};
			};
			buildConfigurationList = FB7BBCF7205BB33400363510 /* Build configuration list for PBXProject "BalticMuseums" */;
			compatibilityVersion = "Xcode 8.0";
			developmentRegion = en;
			hasScannedForEncodings = 0;
			knownRegions = (
				en,
				Base,
			);
			mainGroup = FB7BBCF3205BB33400363510;
			productRefGroup = FB7BBCFD205BB33400363510 /* Products */;
			projectDirPath = "";
			projectRoot = "";
			targets = (
				FB7BBCFB205BB33400363510 /* BalticMuseums */,
			);
		};
/* End PBXProject section */

/* Begin PBXResourcesBuildPhase section */
		FB7BBCFA205BB33400363510 /* Resources */ = {
			isa = PBXResourcesBuildPhase;
			buildActionMask = 2147483647;
			files = (
				FB7BBD0A205BB33400363510 /* LaunchScreen.storyboard in Resources */,
				FB7BBD07205BB33400363510 /* Assets.xcassets in Resources */,
				933D5B1B205D469400E7D107 /* Tab4ViewController.storyboard in Resources */,
				FB7BBD05205BB33400363510 /* TabBarViewController.storyboard in Resources */,
				933D5B02205D467200E7D107 /* Tab1ViewController.storyboard in Resources */,
				75842DDC205D4E3500877A1A /* MapView.xib in Resources */,
				933D5B0A205D467D00E7D107 /* Tab2ViewController.storyboard in Resources */,
				933D5B12205D468700E7D107 /* Tab3ViewController.storyboard in Resources */,
			);
			runOnlyForDeploymentPostprocessing = 0;
		};
/* End PBXResourcesBuildPhase section */

/* Begin PBXShellScriptBuildPhase section */
		71063E84155FA6EE09FAF24D /* [CP] Embed Pods Frameworks */ = {
			isa = PBXShellScriptBuildPhase;
			buildActionMask = 2147483647;
			files = (
			);
			inputPaths = (
				"${SRCROOT}/Pods/Target Support Files/Pods-BalticMuseums/Pods-BalticMuseums-frameworks.sh",
				"${BUILT_PRODUCTS_DIR}/IQKeyboardManagerSwift/IQKeyboardManagerSwift.framework",
				"${BUILT_PRODUCTS_DIR}/RxCocoa/RxCocoa.framework",
				"${BUILT_PRODUCTS_DIR}/RxOptional/RxOptional.framework",
				"${BUILT_PRODUCTS_DIR}/RxSwift/RxSwift.framework",
				"${BUILT_PRODUCTS_DIR}/SnapKit/SnapKit.framework",
				"${BUILT_PRODUCTS_DIR}/Snapify/Snapify.framework",
			);
			name = "[CP] Embed Pods Frameworks";
			outputPaths = (
				"${TARGET_BUILD_DIR}/${FRAMEWORKS_FOLDER_PATH}/IQKeyboardManagerSwift.framework",
				"${TARGET_BUILD_DIR}/${FRAMEWORKS_FOLDER_PATH}/RxCocoa.framework",
				"${TARGET_BUILD_DIR}/${FRAMEWORKS_FOLDER_PATH}/RxOptional.framework",
				"${TARGET_BUILD_DIR}/${FRAMEWORKS_FOLDER_PATH}/RxSwift.framework",
				"${TARGET_BUILD_DIR}/${FRAMEWORKS_FOLDER_PATH}/SnapKit.framework",
				"${TARGET_BUILD_DIR}/${FRAMEWORKS_FOLDER_PATH}/Snapify.framework",
			);
			runOnlyForDeploymentPostprocessing = 0;
			shellPath = /bin/sh;
			shellScript = "\"${SRCROOT}/Pods/Target Support Files/Pods-BalticMuseums/Pods-BalticMuseums-frameworks.sh\"\n";
			showEnvVarsInLog = 0;
		};
		A08DBB0F61C9C5EF7C48DC5F /* [CP] Check Pods Manifest.lock */ = {
			isa = PBXShellScriptBuildPhase;
			buildActionMask = 2147483647;
			files = (
			);
			inputPaths = (
				"${PODS_PODFILE_DIR_PATH}/Podfile.lock",
				"${PODS_ROOT}/Manifest.lock",
			);
			name = "[CP] Check Pods Manifest.lock";
			outputPaths = (
				"$(DERIVED_FILE_DIR)/Pods-BalticMuseums-checkManifestLockResult.txt",
			);
			runOnlyForDeploymentPostprocessing = 0;
			shellPath = /bin/sh;
			shellScript = "diff \"${PODS_PODFILE_DIR_PATH}/Podfile.lock\" \"${PODS_ROOT}/Manifest.lock\" > /dev/null\nif [ $? != 0 ] ; then\n    # print error to STDERR\n    echo \"error: The sandbox is not in sync with the Podfile.lock. Run 'pod install' or update your CocoaPods installation.\" >&2\n    exit 1\nfi\n";
			showEnvVarsInLog = 0;
		};
		B32BFD287A0993811BA7183F /* [CP] Copy Pods Resources */ = {
			isa = PBXShellScriptBuildPhase;
			buildActionMask = 2147483647;
			files = (
			);
			inputPaths = (
			);
			name = "[CP] Copy Pods Resources";
			outputPaths = (
			);
			runOnlyForDeploymentPostprocessing = 0;
			shellPath = /bin/sh;
			shellScript = "\"${SRCROOT}/Pods/Target Support Files/Pods-BalticMuseums/Pods-BalticMuseums-resources.sh\"\n";
			showEnvVarsInLog = 0;
		};
/* End PBXShellScriptBuildPhase section */

/* Begin PBXSourcesBuildPhase section */
		FB7BBCF8205BB33400363510 /* Sources */ = {
			isa = PBXSourcesBuildPhase;
			buildActionMask = 2147483647;
			files = (
				933D5B13205D468700E7D107 /* Tab3ViewController.swift in Sources */,
				75842DDA205D4C7200877A1A /* MapView.swift in Sources */,
				933D5B03205D467200E7D107 /* Tab1ViewController.swift in Sources */,
				933D5B1C205D469400E7D107 /* Tab4ViewController.swift in Sources */,
				933D5B01205D467200E7D107 /* Tab1Presenter.swift in Sources */,
				933D5B19205D469400E7D107 /* Tab4Navigator.swift in Sources */,
				933D5B0B205D467D00E7D107 /* Tab2ViewController.swift in Sources */,
				FB7BBD02205BB33400363510 /* TabBarViewController.swift in Sources */,
				933D5B00205D467200E7D107 /* Tab1Navigator.swift in Sources */,
				FB7BBD00205BB33400363510 /* AppDelegate.swift in Sources */,
				933D5AF6205D45F500E7D107 /* ViewStore.swift in Sources */,
				933D5B11205D468700E7D107 /* Tab3Presenter.swift in Sources */,
				933D5B08205D467D00E7D107 /* Tab2Navigator.swift in Sources */,
				933D5B1A205D469400E7D107 /* Tab4Presenter.swift in Sources */,
				933D5B09205D467D00E7D107 /* Tab2Presenter.swift in Sources */,
				933D5B10205D468700E7D107 /* Tab3Navigator.swift in Sources */,
			);
			runOnlyForDeploymentPostprocessing = 0;
		};
/* End PBXSourcesBuildPhase section */

/* Begin PBXVariantGroup section */
		FB7BBD03205BB33400363510 /* TabBarViewController.storyboard */ = {
			isa = PBXVariantGroup;
			children = (
				FB7BBD04205BB33400363510 /* Base */,
			);
			name = TabBarViewController.storyboard;
			sourceTree = "<group>";
		};
		FB7BBD08205BB33400363510 /* LaunchScreen.storyboard */ = {
			isa = PBXVariantGroup;
			children = (
				FB7BBD09205BB33400363510 /* Base */,
			);
			name = LaunchScreen.storyboard;
			sourceTree = "<group>";
		};
/* End PBXVariantGroup section */

/* Begin XCBuildConfiguration section */
		FB7BBD22205BB33500363510 /* Debug */ = {
			isa = XCBuildConfiguration;
			buildSettings = {
				ALWAYS_SEARCH_USER_PATHS = NO;
				CLANG_ANALYZER_NONNULL = YES;
				CLANG_ANALYZER_NUMBER_OBJECT_CONVERSION = YES_AGGRESSIVE;
				CLANG_CXX_LANGUAGE_STANDARD = "gnu++14";
				CLANG_CXX_LIBRARY = "libc++";
				CLANG_ENABLE_MODULES = YES;
				CLANG_ENABLE_OBJC_ARC = YES;
				CLANG_WARN_BLOCK_CAPTURE_AUTORELEASING = YES;
				CLANG_WARN_BOOL_CONVERSION = YES;
				CLANG_WARN_COMMA = YES;
				CLANG_WARN_CONSTANT_CONVERSION = YES;
				CLANG_WARN_DIRECT_OBJC_ISA_USAGE = YES_ERROR;
				CLANG_WARN_DOCUMENTATION_COMMENTS = YES;
				CLANG_WARN_EMPTY_BODY = YES;
				CLANG_WARN_ENUM_CONVERSION = YES;
				CLANG_WARN_INFINITE_RECURSION = YES;
				CLANG_WARN_INT_CONVERSION = YES;
				CLANG_WARN_NON_LITERAL_NULL_CONVERSION = YES;
				CLANG_WARN_OBJC_LITERAL_CONVERSION = YES;
				CLANG_WARN_OBJC_ROOT_CLASS = YES_ERROR;
				CLANG_WARN_RANGE_LOOP_ANALYSIS = YES;
				CLANG_WARN_STRICT_PROTOTYPES = YES;
				CLANG_WARN_SUSPICIOUS_MOVE = YES;
				CLANG_WARN_UNGUARDED_AVAILABILITY = YES_AGGRESSIVE;
				CLANG_WARN_UNREACHABLE_CODE = YES;
				CLANG_WARN__DUPLICATE_METHOD_MATCH = YES;
				CODE_SIGN_IDENTITY = "iPhone Developer";
				COPY_PHASE_STRIP = NO;
				DEBUG_INFORMATION_FORMAT = dwarf;
				ENABLE_STRICT_OBJC_MSGSEND = YES;
				ENABLE_TESTABILITY = YES;
				GCC_C_LANGUAGE_STANDARD = gnu11;
				GCC_DYNAMIC_NO_PIC = NO;
				GCC_NO_COMMON_BLOCKS = YES;
				GCC_OPTIMIZATION_LEVEL = 0;
				GCC_PREPROCESSOR_DEFINITIONS = (
					"DEBUG=1",
					"$(inherited)",
				);
				GCC_WARN_64_TO_32_BIT_CONVERSION = YES;
				GCC_WARN_ABOUT_RETURN_TYPE = YES_ERROR;
				GCC_WARN_UNDECLARED_SELECTOR = YES;
				GCC_WARN_UNINITIALIZED_AUTOS = YES_AGGRESSIVE;
				GCC_WARN_UNUSED_FUNCTION = YES;
				GCC_WARN_UNUSED_VARIABLE = YES;
				IPHONEOS_DEPLOYMENT_TARGET = 11.2;
				MTL_ENABLE_DEBUG_INFO = YES;
				ONLY_ACTIVE_ARCH = YES;
				SDKROOT = iphoneos;
				SWIFT_ACTIVE_COMPILATION_CONDITIONS = DEBUG;
				SWIFT_OPTIMIZATION_LEVEL = "-Onone";
			};
			name = Debug;
		};
		FB7BBD23205BB33500363510 /* Release */ = {
			isa = XCBuildConfiguration;
			buildSettings = {
				ALWAYS_SEARCH_USER_PATHS = NO;
				CLANG_ANALYZER_NONNULL = YES;
				CLANG_ANALYZER_NUMBER_OBJECT_CONVERSION = YES_AGGRESSIVE;
				CLANG_CXX_LANGUAGE_STANDARD = "gnu++14";
				CLANG_CXX_LIBRARY = "libc++";
				CLANG_ENABLE_MODULES = YES;
				CLANG_ENABLE_OBJC_ARC = YES;
				CLANG_WARN_BLOCK_CAPTURE_AUTORELEASING = YES;
				CLANG_WARN_BOOL_CONVERSION = YES;
				CLANG_WARN_COMMA = YES;
				CLANG_WARN_CONSTANT_CONVERSION = YES;
				CLANG_WARN_DIRECT_OBJC_ISA_USAGE = YES_ERROR;
				CLANG_WARN_DOCUMENTATION_COMMENTS = YES;
				CLANG_WARN_EMPTY_BODY = YES;
				CLANG_WARN_ENUM_CONVERSION = YES;
				CLANG_WARN_INFINITE_RECURSION = YES;
				CLANG_WARN_INT_CONVERSION = YES;
				CLANG_WARN_NON_LITERAL_NULL_CONVERSION = YES;
				CLANG_WARN_OBJC_LITERAL_CONVERSION = YES;
				CLANG_WARN_OBJC_ROOT_CLASS = YES_ERROR;
				CLANG_WARN_RANGE_LOOP_ANALYSIS = YES;
				CLANG_WARN_STRICT_PROTOTYPES = YES;
				CLANG_WARN_SUSPICIOUS_MOVE = YES;
				CLANG_WARN_UNGUARDED_AVAILABILITY = YES_AGGRESSIVE;
				CLANG_WARN_UNREACHABLE_CODE = YES;
				CLANG_WARN__DUPLICATE_METHOD_MATCH = YES;
				CODE_SIGN_IDENTITY = "iPhone Developer";
				COPY_PHASE_STRIP = NO;
				DEBUG_INFORMATION_FORMAT = "dwarf-with-dsym";
				ENABLE_NS_ASSERTIONS = NO;
				ENABLE_STRICT_OBJC_MSGSEND = YES;
				GCC_C_LANGUAGE_STANDARD = gnu11;
				GCC_NO_COMMON_BLOCKS = YES;
				GCC_WARN_64_TO_32_BIT_CONVERSION = YES;
				GCC_WARN_ABOUT_RETURN_TYPE = YES_ERROR;
				GCC_WARN_UNDECLARED_SELECTOR = YES;
				GCC_WARN_UNINITIALIZED_AUTOS = YES_AGGRESSIVE;
				GCC_WARN_UNUSED_FUNCTION = YES;
				GCC_WARN_UNUSED_VARIABLE = YES;
				IPHONEOS_DEPLOYMENT_TARGET = 11.2;
				MTL_ENABLE_DEBUG_INFO = NO;
				SDKROOT = iphoneos;
				SWIFT_OPTIMIZATION_LEVEL = "-Owholemodule";
				VALIDATE_PRODUCT = YES;
			};
			name = Release;
		};
		FB7BBD25205BB33500363510 /* Debug */ = {
			isa = XCBuildConfiguration;
			baseConfigurationReference = C46C846EA0BDD3C6326E3261 /* Pods-BalticMuseums.debug.xcconfig */;
			buildSettings = {
				ASSETCATALOG_COMPILER_APPICON_NAME = AppIcon;
				CODE_SIGN_STYLE = Automatic;
				DEVELOPMENT_TEAM = 889FLUST5R;
				INFOPLIST_FILE = "$(SRCROOT)/BalticMuseums/Supporting Files/Info.plist";
				LD_RUNPATH_SEARCH_PATHS = "$(inherited) @executable_path/Frameworks";
				PRODUCT_BUNDLE_IDENTIFIER = pl.hackathon.BalticMuseums;
				PRODUCT_NAME = "$(TARGET_NAME)";
				SWIFT_VERSION = 4.0;
				TARGETED_DEVICE_FAMILY = "1,2";
			};
			name = Debug;
		};
		FB7BBD26205BB33500363510 /* Release */ = {
			isa = XCBuildConfiguration;
			baseConfigurationReference = DA8FBAC8F556CE7D7F4E1265 /* Pods-BalticMuseums.release.xcconfig */;
			buildSettings = {
				ASSETCATALOG_COMPILER_APPICON_NAME = AppIcon;
				CODE_SIGN_STYLE = Automatic;
				DEVELOPMENT_TEAM = 889FLUST5R;
				INFOPLIST_FILE = "$(SRCROOT)/BalticMuseums/Supporting Files/Info.plist";
				LD_RUNPATH_SEARCH_PATHS = "$(inherited) @executable_path/Frameworks";
				PRODUCT_BUNDLE_IDENTIFIER = pl.hackathon.BalticMuseums;
				PRODUCT_NAME = "$(TARGET_NAME)";
				SWIFT_VERSION = 4.0;
				TARGETED_DEVICE_FAMILY = "1,2";
			};
			name = Release;
		};
/* End XCBuildConfiguration section */

/* Begin XCConfigurationList section */
		FB7BBCF7205BB33400363510 /* Build configuration list for PBXProject "BalticMuseums" */ = {
			isa = XCConfigurationList;
			buildConfigurations = (
				FB7BBD22205BB33500363510 /* Debug */,
				FB7BBD23205BB33500363510 /* Release */,
			);
			defaultConfigurationIsVisible = 0;
			defaultConfigurationName = Release;
		};
		FB7BBD24205BB33500363510 /* Build configuration list for PBXNativeTarget "BalticMuseums" */ = {
			isa = XCConfigurationList;
			buildConfigurations = (
				FB7BBD25205BB33500363510 /* Debug */,
				FB7BBD26205BB33500363510 /* Release */,
			);
			defaultConfigurationIsVisible = 0;
			defaultConfigurationName = Release;
		};
/* End XCConfigurationList section */
	};
	rootObject = FB7BBCF4205BB33400363510 /* Project object */;
}
